// !$*UTF8*$!
{
	archiveVersion = 1;
	classes = {
	};
	objectVersion = 77;
	objects = {

/* Begin PBXBuildFile section */
		2B1D15F72E486934000B2AE8 /* StoreLocatorViewModel.swift in Sources */ = {isa = PBXBuildFile; fileRef = 2B1D15F62E48692C000B2AE8 /* StoreLocatorViewModel.swift */; };
		2B1D15F92E48695A000B2AE8 /* StoreLocatorView.swift in Sources */ = {isa = PBXBuildFile; fileRef = 2B1D15F82E486955000B2AE8 /* StoreLocatorView.swift */; };
		2B1D15FB2E486B0B000B2AE8 /* Place.swift in Sources */ = {isa = PBXBuildFile; fileRef = 2B1D15FA2E486B07000B2AE8 /* Place.swift */; };
		2B1D15FD2E487274000B2AE8 /* DiseaseIdentifierViewModel.swift in Sources */ = {isa = PBXBuildFile; fileRef = 2B1D15FC2E487265000B2AE8 /* DiseaseIdentifierViewModel.swift */; };
		2B1D15FF2E48729C000B2AE8 /* ImagePicker.swift in Sources */ = {isa = PBXBuildFile; fileRef = 2B1D15FE2E487297000B2AE8 /* ImagePicker.swift */; };
		2B1D16012E4872CE000B2AE8 /* DiseaseIdentifierView.swift in Sources */ = {isa = PBXBuildFile; fileRef = 2B1D16002E4872CA000B2AE8 /* DiseaseIdentifierView.swift */; };
		2B327DFC2E44624C00CB8F1D /* Green_ThumbApp.swift in Sources */ = {isa = PBXBuildFile; fileRef = 2B327DFB2E44624C00CB8F1D /* Green_ThumbApp.swift */; };
		2B327DFE2E44624C00CB8F1D /* ContentView.swift in Sources */ = {isa = PBXBuildFile; fileRef = 2B327DFD2E44624C00CB8F1D /* ContentView.swift */; };
		2B327E022E44624E00CB8F1D /* Persistence.swift in Sources */ = {isa = PBXBuildFile; fileRef = 2B327E012E44624E00CB8F1D /* Persistence.swift */; };
		2B327E292E446AF000CB8F1D /* FirebaseAuth in Frameworks */ = {isa = PBXBuildFile; productRef = 2B327E282E446AF000CB8F1D /* FirebaseAuth */; };
		2B327E2B2E446AF000CB8F1D /* FirebaseCore in Frameworks */ = {isa = PBXBuildFile; productRef = 2B327E2A2E446AF000CB8F1D /* FirebaseCore */; };
		2B327E2D2E446AF000CB8F1D /* FirebaseFirestore in Frameworks */ = {isa = PBXBuildFile; productRef = 2B327E2C2E446AF000CB8F1D /* FirebaseFirestore */; };
		2B327E502E448DB800CB8F1D /* LoginView.swift in Sources */ = {isa = PBXBuildFile; fileRef = 2B327E4B2E4486E500CB8F1D /* LoginView.swift */; };
		2B327E512E448DE100CB8F1D /* AuthViewModel.swift in Sources */ = {isa = PBXBuildFile; fileRef = 2B327E4A2E4486CC00CB8F1D /* AuthViewModel.swift */; };
		2B327E532E448DF200CB8F1D /* SignupView.swift in Sources */ = {isa = PBXBuildFile; fileRef = 2B327E4F2E44882B00CB8F1D /* SignupView.swift */; };
		2BA7FEBD2E471D8D00720C5A /* DashboardItem.swift in Sources */ = {isa = PBXBuildFile; fileRef = 2BA7FEBC2E471D8100720C5A /* DashboardItem.swift */; };
		2BA7FEBF2E471D9F00720C5A /* DashboardTile.swift in Sources */ = {isa = PBXBuildFile; fileRef = 2BA7FEBE2E471D9B00720C5A /* DashboardTile.swift */; };
		2BA7FEC12E471DB400720C5A /* DashboardView.swift in Sources */ = {isa = PBXBuildFile; fileRef = 2BA7FEC02E471DB000720C5A /* DashboardView.swift */; };
/* End PBXBuildFile section */

/* Begin PBXContainerItemProxy section */
		2B327E0B2E44624E00CB8F1D /* PBXContainerItemProxy */ = {
			isa = PBXContainerItemProxy;
			containerPortal = 2B327DF02E44624C00CB8F1D /* Project object */;
			proxyType = 1;
			remoteGlobalIDString = 2B327DF72E44624C00CB8F1D;
			remoteInfo = "Green Thumb";
		};
		2B327E152E44624E00CB8F1D /* PBXContainerItemProxy */ = {
			isa = PBXContainerItemProxy;
			containerPortal = 2B327DF02E44624C00CB8F1D /* Project object */;
			proxyType = 1;
			remoteGlobalIDString = 2B327DF72E44624C00CB8F1D;
			remoteInfo = "Green Thumb";
		};
/* End PBXContainerItemProxy section */

/* Begin PBXFileReference section */
		2B1D15F62E48692C000B2AE8 /* StoreLocatorViewModel.swift */ = {isa = PBXFileReference; lastKnownFileType = sourcecode.swift; path = StoreLocatorViewModel.swift; sourceTree = "<group>"; };
		2B1D15F82E486955000B2AE8 /* StoreLocatorView.swift */ = {isa = PBXFileReference; lastKnownFileType = sourcecode.swift; path = StoreLocatorView.swift; sourceTree = "<group>"; };
		2B1D15FA2E486B07000B2AE8 /* Place.swift */ = {isa = PBXFileReference; lastKnownFileType = sourcecode.swift; path = Place.swift; sourceTree = "<group>"; };
		2B1D15FC2E487265000B2AE8 /* DiseaseIdentifierViewModel.swift */ = {isa = PBXFileReference; lastKnownFileType = sourcecode.swift; path = DiseaseIdentifierViewModel.swift; sourceTree = "<group>"; };
		2B1D15FE2E487297000B2AE8 /* ImagePicker.swift */ = {isa = PBXFileReference; lastKnownFileType = sourcecode.swift; path = ImagePicker.swift; sourceTree = "<group>"; };
		2B1D16002E4872CA000B2AE8 /* DiseaseIdentifierView.swift */ = {isa = PBXFileReference; lastKnownFileType = sourcecode.swift; path = DiseaseIdentifierView.swift; sourceTree = "<group>"; };
		2B327DF82E44624C00CB8F1D /* Green Thumb.app */ = {isa = PBXFileReference; explicitFileType = wrapper.application; includeInIndex = 0; path = "Green Thumb.app"; sourceTree = BUILT_PRODUCTS_DIR; };
		2B327DFB2E44624C00CB8F1D /* Green_ThumbApp.swift */ = {isa = PBXFileReference; lastKnownFileType = sourcecode.swift; path = Green_ThumbApp.swift; sourceTree = "<group>"; };
		2B327DFD2E44624C00CB8F1D /* ContentView.swift */ = {isa = PBXFileReference; lastKnownFileType = sourcecode.swift; path = ContentView.swift; sourceTree = "<group>"; };
		2B327E012E44624E00CB8F1D /* Persistence.swift */ = {isa = PBXFileReference; lastKnownFileType = sourcecode.swift; path = Persistence.swift; sourceTree = "<group>"; };
		2B327E0A2E44624E00CB8F1D /* Green ThumbTests.xctest */ = {isa = PBXFileReference; explicitFileType = wrapper.cfbundle; includeInIndex = 0; path = "Green ThumbTests.xctest"; sourceTree = BUILT_PRODUCTS_DIR; };
		2B327E142E44624E00CB8F1D /* Green ThumbUITests.xctest */ = {isa = PBXFileReference; explicitFileType = wrapper.cfbundle; includeInIndex = 0; path = "Green ThumbUITests.xctest"; sourceTree = BUILT_PRODUCTS_DIR; };
		2B327E4A2E4486CC00CB8F1D /* AuthViewModel.swift */ = {isa = PBXFileReference; lastKnownFileType = sourcecode.swift; path = AuthViewModel.swift; sourceTree = "<group>"; };
		2B327E4B2E4486E500CB8F1D /* LoginView.swift */ = {isa = PBXFileReference; lastKnownFileType = sourcecode.swift; path = LoginView.swift; sourceTree = "<group>"; };
		2B327E4E2E44875C00CB8F1D /* DashboardView.swift */ = {isa = PBXFileReference; lastKnownFileType = sourcecode.swift; path = DashboardView.swift; sourceTree = "<group>"; };
		2B327E4F2E44882B00CB8F1D /* SignupView.swift */ = {isa = PBXFileReference; lastKnownFileType = sourcecode.swift; path = SignupView.swift; sourceTree = "<group>"; };
		2BA7FEBC2E471D8100720C5A /* DashboardItem.swift */ = {isa = PBXFileReference; lastKnownFileType = sourcecode.swift; path = DashboardItem.swift; sourceTree = "<group>"; };
		2BA7FEBE2E471D9B00720C5A /* DashboardTile.swift */ = {isa = PBXFileReference; lastKnownFileType = sourcecode.swift; path = DashboardTile.swift; sourceTree = "<group>"; };
		2BA7FEC02E471DB000720C5A /* DashboardView.swift */ = {isa = PBXFileReference; lastKnownFileType = sourcecode.swift; path = DashboardView.swift; sourceTree = "<group>"; };
/* End PBXFileReference section */

/* Begin PBXFileSystemSynchronizedRootGroup section */
		2B327DFA2E44624C00CB8F1D /* Green Thumb */ = {
			isa = PBXFileSystemSynchronizedRootGroup;
			path = "Green Thumb";
			sourceTree = "<group>";
		};
		2B327E0D2E44624E00CB8F1D /* Green ThumbTests */ = {
			isa = PBXFileSystemSynchronizedRootGroup;
			path = "Green ThumbTests";
			sourceTree = "<group>";
		};
		2B327E172E44624E00CB8F1D /* Green ThumbUITests */ = {
			isa = PBXFileSystemSynchronizedRootGroup;
			path = "Green ThumbUITests";
			sourceTree = "<group>";
		};
/* End PBXFileSystemSynchronizedRootGroup section */

/* Begin PBXFrameworksBuildPhase section */
		2B327DF52E44624C00CB8F1D /* Frameworks */ = {
			isa = PBXFrameworksBuildPhase;
			buildActionMask = 2147483647;
			files = (
				2B327E2B2E446AF000CB8F1D /* FirebaseCore in Frameworks */,
				2B327E292E446AF000CB8F1D /* FirebaseAuth in Frameworks */,
				2B327E2D2E446AF000CB8F1D /* FirebaseFirestore in Frameworks */,
			);
			runOnlyForDeploymentPostprocessing = 0;
		};
		2B327E072E44624E00CB8F1D /* Frameworks */ = {
			isa = PBXFrameworksBuildPhase;
			buildActionMask = 2147483647;
			files = (
			);
			runOnlyForDeploymentPostprocessing = 0;
		};
		2B327E112E44624E00CB8F1D /* Frameworks */ = {
			isa = PBXFrameworksBuildPhase;
			buildActionMask = 2147483647;
			files = (
			);
			runOnlyForDeploymentPostprocessing = 0;
		};
/* End PBXFrameworksBuildPhase section */

/* Begin PBXGroup section */
		2B1D15F52E4868EC000B2AE8 /* StoreLocator */ = {
			isa = PBXGroup;
			children = (
				2B1D15FA2E486B07000B2AE8 /* Place.swift */,
				2B1D15F82E486955000B2AE8 /* StoreLocatorView.swift */,
				2B1D15F62E48692C000B2AE8 /* StoreLocatorViewModel.swift */,
			);
			path = StoreLocator;
			sourceTree = "<group>";
		};
		2B327DEF2E44624C00CB8F1D = {
			isa = PBXGroup;
			children = (
				2B327E3C2E44844800CB8F1D /* App */,
				2B327E312E44783F00CB8F1D /* Modules */,
				2B327DFA2E44624C00CB8F1D /* Green Thumb */,
				2B327E0D2E44624E00CB8F1D /* Green ThumbTests */,
				2B327E172E44624E00CB8F1D /* Green ThumbUITests */,
				2B327DF92E44624C00CB8F1D /* Products */,
			);
			sourceTree = "<group>";
		};
		2B327DF92E44624C00CB8F1D /* Products */ = {
			isa = PBXGroup;
			children = (
				2B327DF82E44624C00CB8F1D /* Green Thumb.app */,
				2B327E0A2E44624E00CB8F1D /* Green ThumbTests.xctest */,
				2B327E142E44624E00CB8F1D /* Green ThumbUITests.xctest */,
			);
			name = Products;
			sourceTree = "<group>";
		};
		2B327E312E44783F00CB8F1D /* Modules */ = {
			isa = PBXGroup;
			children = (
				2B1D15F52E4868EC000B2AE8 /* StoreLocator */,
				2B327E3B2E44819700CB8F1D /* Profile */,
				2B327E392E44810000CB8F1D /* Harvesting */,
				2B327E382E4480EE00CB8F1D /* DiseaseDetection */,
				2B327E372E4480D700CB8F1D /* Weather */,
				2B327E362E4480C200CB8F1D /* HealthLog */,
				2B327E352E4480B400CB8F1D /* Tasks */,
				2B327E342E44809900CB8F1D /* PlantManagement */,
				2B327E332E44808100CB8F1D /* Dashboard */,
				2B327E322E4478C500CB8F1D /* Authentication */,
			);
			path = Modules;
			sourceTree = "<group>";
		};
		2B327E322E4478C500CB8F1D /* Authentication */ = {
			isa = PBXGroup;
			children = (
				2B327E4F2E44882B00CB8F1D /* SignupView.swift */,
				2B327E4E2E44875C00CB8F1D /* DashboardView.swift */,
				2B327E4B2E4486E500CB8F1D /* LoginView.swift */,
				2B327E4A2E4486CC00CB8F1D /* AuthViewModel.swift */,
			);
			path = Authentication;
			sourceTree = "<group>";
		};
		2B327E332E44808100CB8F1D /* Dashboard */ = {
			isa = PBXGroup;
			children = (
				2BA7FEC02E471DB000720C5A /* DashboardView.swift */,
				2BA7FEBE2E471D9B00720C5A /* DashboardTile.swift */,
				2BA7FEBC2E471D8100720C5A /* DashboardItem.swift */,
			);
			path = Dashboard;
			sourceTree = "<group>";
		};
		2B327E342E44809900CB8F1D /* PlantManagement */ = {
			isa = PBXGroup;
			children = (
			);
			path = PlantManagement;
			sourceTree = "<group>";
		};
		2B327E352E4480B400CB8F1D /* Tasks */ = {
			isa = PBXGroup;
			children = (
			);
			path = Tasks;
			sourceTree = "<group>";
		};
		2B327E362E4480C200CB8F1D /* HealthLog */ = {
			isa = PBXGroup;
			children = (
			);
			path = HealthLog;
			sourceTree = "<group>";
		};
		2B327E372E4480D700CB8F1D /* Weather */ = {
			isa = PBXGroup;
			children = (
			);
			path = Weather;
			sourceTree = "<group>";
		};
		2B327E382E4480EE00CB8F1D /* DiseaseDetection */ = {
			isa = PBXGroup;
			children = (
				2B1D16002E4872CA000B2AE8 /* DiseaseIdentifierView.swift */,
				2B1D15FE2E487297000B2AE8 /* ImagePicker.swift */,
				2B1D15FC2E487265000B2AE8 /* DiseaseIdentifierViewModel.swift */,
			);
			path = DiseaseDetection;
			sourceTree = "<group>";
		};
		2B327E392E44810000CB8F1D /* Harvesting */ = {
			isa = PBXGroup;
			children = (
			);
			path = Harvesting;
			sourceTree = "<group>";
		};
		2B327E3B2E44819700CB8F1D /* Profile */ = {
			isa = PBXGroup;
			children = (
			);
			path = Profile;
			sourceTree = "<group>";
		};
		2B327E3C2E44844800CB8F1D /* App */ = {
			isa = PBXGroup;
			children = (
				2B327DFD2E44624C00CB8F1D /* ContentView.swift */,
				2B327DFB2E44624C00CB8F1D /* Green_ThumbApp.swift */,
				2B327E012E44624E00CB8F1D /* Persistence.swift */,
			);
			path = App;
			sourceTree = "<group>";
		};
/* End PBXGroup section */

/* Begin PBXNativeTarget section */
		2B327DF72E44624C00CB8F1D /* Green Thumb */ = {
			isa = PBXNativeTarget;
			buildConfigurationList = 2B327E1E2E44624E00CB8F1D /* Build configuration list for PBXNativeTarget "Green Thumb" */;
			buildPhases = (
				2B327DF42E44624C00CB8F1D /* Sources */,
				2B327DF52E44624C00CB8F1D /* Frameworks */,
				2B327DF62E44624C00CB8F1D /* Resources */,
			);
			buildRules = (
			);
			dependencies = (
			);
			fileSystemSynchronizedGroups = (
				2B327DFA2E44624C00CB8F1D /* Green Thumb */,
			);
			name = "Green Thumb";
			packageProductDependencies = (
				2B327E282E446AF000CB8F1D /* FirebaseAuth */,
				2B327E2A2E446AF000CB8F1D /* FirebaseCore */,
				2B327E2C2E446AF000CB8F1D /* FirebaseFirestore */,
			);
			productName = "Green Thumb";
			productReference = 2B327DF82E44624C00CB8F1D /* Green Thumb.app */;
			productType = "com.apple.product-type.application";
		};
		2B327E092E44624E00CB8F1D /* Green ThumbTests */ = {
			isa = PBXNativeTarget;
			buildConfigurationList = 2B327E212E44624E00CB8F1D /* Build configuration list for PBXNativeTarget "Green ThumbTests" */;
			buildPhases = (
				2B327E062E44624E00CB8F1D /* Sources */,
				2B327E072E44624E00CB8F1D /* Frameworks */,
				2B327E082E44624E00CB8F1D /* Resources */,
			);
			buildRules = (
			);
			dependencies = (
				2B327E0C2E44624E00CB8F1D /* PBXTargetDependency */,
			);
			fileSystemSynchronizedGroups = (
				2B327E0D2E44624E00CB8F1D /* Green ThumbTests */,
			);
			name = "Green ThumbTests";
			packageProductDependencies = (
			);
			productName = "Green ThumbTests";
			productReference = 2B327E0A2E44624E00CB8F1D /* Green ThumbTests.xctest */;
			productType = "com.apple.product-type.bundle.unit-test";
		};
		2B327E132E44624E00CB8F1D /* Green ThumbUITests */ = {
			isa = PBXNativeTarget;
			buildConfigurationList = 2B327E242E44624E00CB8F1D /* Build configuration list for PBXNativeTarget "Green ThumbUITests" */;
			buildPhases = (
				2B327E102E44624E00CB8F1D /* Sources */,
				2B327E112E44624E00CB8F1D /* Frameworks */,
				2B327E122E44624E00CB8F1D /* Resources */,
			);
			buildRules = (
			);
			dependencies = (
				2B327E162E44624E00CB8F1D /* PBXTargetDependency */,
			);
			fileSystemSynchronizedGroups = (
				2B327E172E44624E00CB8F1D /* Green ThumbUITests */,
			);
			name = "Green ThumbUITests";
			packageProductDependencies = (
			);
			productName = "Green ThumbUITests";
			productReference = 2B327E142E44624E00CB8F1D /* Green ThumbUITests.xctest */;
			productType = "com.apple.product-type.bundle.ui-testing";
		};
/* End PBXNativeTarget section */

/* Begin PBXProject section */
		2B327DF02E44624C00CB8F1D /* Project object */ = {
			isa = PBXProject;
			attributes = {
				BuildIndependentTargetsInParallel = 1;
				LastSwiftUpdateCheck = 1630;
				LastUpgradeCheck = 1630;
				TargetAttributes = {
					2B327DF72E44624C00CB8F1D = {
						CreatedOnToolsVersion = 16.3;
					};
					2B327E092E44624E00CB8F1D = {
						CreatedOnToolsVersion = 16.3;
						TestTargetID = 2B327DF72E44624C00CB8F1D;
					};
					2B327E132E44624E00CB8F1D = {
						CreatedOnToolsVersion = 16.3;
						TestTargetID = 2B327DF72E44624C00CB8F1D;
					};
				};
			};
			buildConfigurationList = 2B327DF32E44624C00CB8F1D /* Build configuration list for PBXProject "Green Thumb" */;
			developmentRegion = en;
			hasScannedForEncodings = 0;
			knownRegions = (
				en,
				Base,
			);
			mainGroup = 2B327DEF2E44624C00CB8F1D;
			minimizedProjectReferenceProxies = 1;
			packageReferences = (
				2B327E272E446AF000CB8F1D /* XCRemoteSwiftPackageReference "firebase-ios-sdk" */,
			);
			preferredProjectObjectVersion = 77;
			productRefGroup = 2B327DF92E44624C00CB8F1D /* Products */;
			projectDirPath = "";
			projectRoot = "";
			targets = (
				2B327DF72E44624C00CB8F1D /* Green Thumb */,
				2B327E092E44624E00CB8F1D /* Green ThumbTests */,
				2B327E132E44624E00CB8F1D /* Green ThumbUITests */,
			);
		};
/* End PBXProject section */

/* Begin PBXResourcesBuildPhase section */
		2B327DF62E44624C00CB8F1D /* Resources */ = {
			isa = PBXResourcesBuildPhase;
			buildActionMask = 2147483647;
			files = (
			);
			runOnlyForDeploymentPostprocessing = 0;
		};
		2B327E082E44624E00CB8F1D /* Resources */ = {
			isa = PBXResourcesBuildPhase;
			buildActionMask = 2147483647;
			files = (
			);
			runOnlyForDeploymentPostprocessing = 0;
		};
		2B327E122E44624E00CB8F1D /* Resources */ = {
			isa = PBXResourcesBuildPhase;
			buildActionMask = 2147483647;
			files = (
			);
			runOnlyForDeploymentPostprocessing = 0;
		};
/* End PBXResourcesBuildPhase section */

/* Begin PBXSourcesBuildPhase section */
		2B327DF42E44624C00CB8F1D /* Sources */ = {
			isa = PBXSourcesBuildPhase;
			buildActionMask = 2147483647;
			files = (
				2B327E022E44624E00CB8F1D /* Persistence.swift in Sources */,
				2BA7FEBD2E471D8D00720C5A /* DashboardItem.swift in Sources */,
				2B1D16012E4872CE000B2AE8 /* DiseaseIdentifierView.swift in Sources */,
				2B327E512E448DE100CB8F1D /* AuthViewModel.swift in Sources */,
				2B327E532E448DF200CB8F1D /* SignupView.swift in Sources */,
				2B1D15FB2E486B0B000B2AE8 /* Place.swift in Sources */,
				2B1D15F92E48695A000B2AE8 /* StoreLocatorView.swift in Sources */,
				2BA7FEC12E471DB400720C5A /* DashboardView.swift in Sources */,
				2B327DFE2E44624C00CB8F1D /* ContentView.swift in Sources */,
				2B327E502E448DB800CB8F1D /* LoginView.swift in Sources */,
				2BA7FEBF2E471D9F00720C5A /* DashboardTile.swift in Sources */,
				2B1D15FD2E487274000B2AE8 /* DiseaseIdentifierViewModel.swift in Sources */,
				2B1D15FF2E48729C000B2AE8 /* ImagePicker.swift in Sources */,
				2B327DFC2E44624C00CB8F1D /* Green_ThumbApp.swift in Sources */,
				2B1D15F72E486934000B2AE8 /* StoreLocatorViewModel.swift in Sources */,
			);
			runOnlyForDeploymentPostprocessing = 0;
		};
		2B327E062E44624E00CB8F1D /* Sources */ = {
			isa = PBXSourcesBuildPhase;
			buildActionMask = 2147483647;
			files = (
			);
			runOnlyForDeploymentPostprocessing = 0;
		};
		2B327E102E44624E00CB8F1D /* Sources */ = {
			isa = PBXSourcesBuildPhase;
			buildActionMask = 2147483647;
			files = (
			);
			runOnlyForDeploymentPostprocessing = 0;
		};
/* End PBXSourcesBuildPhase section */

/* Begin PBXTargetDependency section */
		2B327E0C2E44624E00CB8F1D /* PBXTargetDependency */ = {
			isa = PBXTargetDependency;
			target = 2B327DF72E44624C00CB8F1D /* Green Thumb */;
			targetProxy = 2B327E0B2E44624E00CB8F1D /* PBXContainerItemProxy */;
		};
		2B327E162E44624E00CB8F1D /* PBXTargetDependency */ = {
			isa = PBXTargetDependency;
			target = 2B327DF72E44624C00CB8F1D /* Green Thumb */;
			targetProxy = 2B327E152E44624E00CB8F1D /* PBXContainerItemProxy */;
		};
/* End PBXTargetDependency section */

/* Begin XCBuildConfiguration section */
		2B327E1C2E44624E00CB8F1D /* Debug */ = {
			isa = XCBuildConfiguration;
			buildSettings = {
				ALWAYS_SEARCH_USER_PATHS = NO;
				ASSETCATALOG_COMPILER_GENERATE_SWIFT_ASSET_SYMBOL_EXTENSIONS = YES;
				CLANG_ANALYZER_NONNULL = YES;
				CLANG_ANALYZER_NUMBER_OBJECT_CONVERSION = YES_AGGRESSIVE;
				CLANG_CXX_LANGUAGE_STANDARD = "gnu++20";
				CLANG_ENABLE_MODULES = YES;
				CLANG_ENABLE_OBJC_ARC = YES;
				CLANG_ENABLE_OBJC_WEAK = YES;
				CLANG_WARN_BLOCK_CAPTURE_AUTORELEASING = YES;
				CLANG_WARN_BOOL_CONVERSION = YES;
				CLANG_WARN_COMMA = YES;
				CLANG_WARN_CONSTANT_CONVERSION = YES;
				CLANG_WARN_DEPRECATED_OBJC_IMPLEMENTATIONS = YES;
				CLANG_WARN_DIRECT_OBJC_ISA_USAGE = YES_ERROR;
				CLANG_WARN_DOCUMENTATION_COMMENTS = YES;
				CLANG_WARN_EMPTY_BODY = YES;
				CLANG_WARN_ENUM_CONVERSION = YES;
				CLANG_WARN_INFINITE_RECURSION = YES;
				CLANG_WARN_INT_CONVERSION = YES;
				CLANG_WARN_NON_LITERAL_NULL_CONVERSION = YES;
				CLANG_WARN_OBJC_IMPLICIT_RETAIN_SELF = YES;
				CLANG_WARN_OBJC_LITERAL_CONVERSION = YES;
				CLANG_WARN_OBJC_ROOT_CLASS = YES_ERROR;
				CLANG_WARN_QUOTED_INCLUDE_IN_FRAMEWORK_HEADER = YES;
				CLANG_WARN_RANGE_LOOP_ANALYSIS = YES;
				CLANG_WARN_STRICT_PROTOTYPES = YES;
				CLANG_WARN_SUSPICIOUS_MOVE = YES;
				CLANG_WARN_UNGUARDED_AVAILABILITY = YES_AGGRESSIVE;
				CLANG_WARN_UNREACHABLE_CODE = YES;
				CLANG_WARN__DUPLICATE_METHOD_MATCH = YES;
				COPY_PHASE_STRIP = NO;
				DEBUG_INFORMATION_FORMAT = dwarf;
				ENABLE_STRICT_OBJC_MSGSEND = YES;
				ENABLE_TESTABILITY = YES;
				ENABLE_USER_SCRIPT_SANDBOXING = YES;
				GCC_C_LANGUAGE_STANDARD = gnu17;
				GCC_DYNAMIC_NO_PIC = NO;
				GCC_NO_COMMON_BLOCKS = YES;
				GCC_OPTIMIZATION_LEVEL = 0;
				GCC_PREPROCESSOR_DEFINITIONS = (
					"DEBUG=1",
					"$(inherited)",
				);
				GCC_WARN_64_TO_32_BIT_CONVERSION = YES;
				GCC_WARN_ABOUT_RETURN_TYPE = YES_ERROR;
				GCC_WARN_UNDECLARED_SELECTOR = YES;
				GCC_WARN_UNINITIALIZED_AUTOS = YES_AGGRESSIVE;
				GCC_WARN_UNUSED_FUNCTION = YES;
				GCC_WARN_UNUSED_VARIABLE = YES;
				IPHONEOS_DEPLOYMENT_TARGET = 18.4;
				LOCALIZATION_PREFERS_STRING_CATALOGS = YES;
				MTL_ENABLE_DEBUG_INFO = INCLUDE_SOURCE;
				MTL_FAST_MATH = YES;
				ONLY_ACTIVE_ARCH = YES;
				SDKROOT = iphoneos;
				SWIFT_ACTIVE_COMPILATION_CONDITIONS = "DEBUG $(inherited)";
				SWIFT_OPTIMIZATION_LEVEL = "-Onone";
			};
			name = Debug;
		};
		2B327E1D2E44624E00CB8F1D /* Release */ = {
			isa = XCBuildConfiguration;
			buildSettings = {
				ALWAYS_SEARCH_USER_PATHS = NO;
				ASSETCATALOG_COMPILER_GENERATE_SWIFT_ASSET_SYMBOL_EXTENSIONS = YES;
				CLANG_ANALYZER_NONNULL = YES;
				CLANG_ANALYZER_NUMBER_OBJECT_CONVERSION = YES_AGGRESSIVE;
				CLANG_CXX_LANGUAGE_STANDARD = "gnu++20";
				CLANG_ENABLE_MODULES = YES;
				CLANG_ENABLE_OBJC_ARC = YES;
				CLANG_ENABLE_OBJC_WEAK = YES;
				CLANG_WARN_BLOCK_CAPTURE_AUTORELEASING = YES;
				CLANG_WARN_BOOL_CONVERSION = YES;
				CLANG_WARN_COMMA = YES;
				CLANG_WARN_CONSTANT_CONVERSION = YES;
				CLANG_WARN_DEPRECATED_OBJC_IMPLEMENTATIONS = YES;
				CLANG_WARN_DIRECT_OBJC_ISA_USAGE = YES_ERROR;
				CLANG_WARN_DOCUMENTATION_COMMENTS = YES;
				CLANG_WARN_EMPTY_BODY = YES;
				CLANG_WARN_ENUM_CONVERSION = YES;
				CLANG_WARN_INFINITE_RECURSION = YES;
				CLANG_WARN_INT_CONVERSION = YES;
				CLANG_WARN_NON_LITERAL_NULL_CONVERSION = YES;
				CLANG_WARN_OBJC_IMPLICIT_RETAIN_SELF = YES;
				CLANG_WARN_OBJC_LITERAL_CONVERSION = YES;
				CLANG_WARN_OBJC_ROOT_CLASS = YES_ERROR;
				CLANG_WARN_QUOTED_INCLUDE_IN_FRAMEWORK_HEADER = YES;
				CLANG_WARN_RANGE_LOOP_ANALYSIS = YES;
				CLANG_WARN_STRICT_PROTOTYPES = YES;
				CLANG_WARN_SUSPICIOUS_MOVE = YES;
				CLANG_WARN_UNGUARDED_AVAILABILITY = YES_AGGRESSIVE;
				CLANG_WARN_UNREACHABLE_CODE = YES;
				CLANG_WARN__DUPLICATE_METHOD_MATCH = YES;
				COPY_PHASE_STRIP = NO;
				DEBUG_INFORMATION_FORMAT = "dwarf-with-dsym";
				ENABLE_NS_ASSERTIONS = NO;
				ENABLE_STRICT_OBJC_MSGSEND = YES;
				ENABLE_USER_SCRIPT_SANDBOXING = YES;
				GCC_C_LANGUAGE_STANDARD = gnu17;
				GCC_NO_COMMON_BLOCKS = YES;
				GCC_WARN_64_TO_32_BIT_CONVERSION = YES;
				GCC_WARN_ABOUT_RETURN_TYPE = YES_ERROR;
				GCC_WARN_UNDECLARED_SELECTOR = YES;
				GCC_WARN_UNINITIALIZED_AUTOS = YES_AGGRESSIVE;
				GCC_WARN_UNUSED_FUNCTION = YES;
				GCC_WARN_UNUSED_VARIABLE = YES;
				IPHONEOS_DEPLOYMENT_TARGET = 18.4;
				LOCALIZATION_PREFERS_STRING_CATALOGS = YES;
				MTL_ENABLE_DEBUG_INFO = NO;
				MTL_FAST_MATH = YES;
				SDKROOT = iphoneos;
				SWIFT_COMPILATION_MODE = wholemodule;
				VALIDATE_PRODUCT = YES;
			};
			name = Release;
		};
		2B327E1F2E44624E00CB8F1D /* Debug */ = {
			isa = XCBuildConfiguration;
			buildSettings = {
				ASSETCATALOG_COMPILER_APPICON_NAME = AppIcon;
				ASSETCATALOG_COMPILER_GLOBAL_ACCENT_COLOR_NAME = AccentColor;
				CODE_SIGN_STYLE = Automatic;
				CURRENT_PROJECT_VERSION = 1;
				ENABLE_PREVIEWS = YES;
				GENERATE_INFOPLIST_FILE = YES;
				INFOPLIST_FILE = "Green-Thumb-Info.plist";
				INFOPLIST_KEY_LSApplicationCategoryType = "";
				INFOPLIST_KEY_NSLocationWhenInUseUsageDescription = "We use your location to find nearby garden stores.";
				INFOPLIST_KEY_UIApplicationSceneManifest_Generation = YES;
				INFOPLIST_KEY_UIApplicationSupportsIndirectInputEvents = YES;
				INFOPLIST_KEY_UILaunchScreen_Generation = YES;
				INFOPLIST_KEY_UISupportedInterfaceOrientations_iPad = "UIInterfaceOrientationPortrait UIInterfaceOrientationPortraitUpsideDown UIInterfaceOrientationLandscapeLeft UIInterfaceOrientationLandscapeRight";
				INFOPLIST_KEY_UISupportedInterfaceOrientations_iPhone = "UIInterfaceOrientationPortrait UIInterfaceOrientationLandscapeLeft UIInterfaceOrientationLandscapeRight";
				LD_RUNPATH_SEARCH_PATHS = (
					"$(inherited)",
					"@executable_path/Frameworks",
				);
				MARKETING_VERSION = 1.0;
				PRODUCT_BUNDLE_IDENTIFIER = "NIBM.Green-Thumb";
				PRODUCT_NAME = "$(TARGET_NAME)";
				SWIFT_EMIT_LOC_STRINGS = YES;
				SWIFT_VERSION = 5.0;
				TARGETED_DEVICE_FAMILY = "1,2";
			};
			name = Debug;
		};
		2B327E202E44624E00CB8F1D /* Release */ = {
			isa = XCBuildConfiguration;
			buildSettings = {
				ASSETCATALOG_COMPILER_APPICON_NAME = AppIcon;
				ASSETCATALOG_COMPILER_GLOBAL_ACCENT_COLOR_NAME = AccentColor;
				CODE_SIGN_STYLE = Automatic;
				CURRENT_PROJECT_VERSION = 1;
				ENABLE_PREVIEWS = YES;
				GENERATE_INFOPLIST_FILE = YES;
				INFOPLIST_FILE = "Green-Thumb-Info.plist";
				INFOPLIST_KEY_LSApplicationCategoryType = "";
				INFOPLIST_KEY_NSLocationWhenInUseUsageDescription = "We use your location to find nearby garden stores.";
				INFOPLIST_KEY_UIApplicationSceneManifest_Generation = YES;
				INFOPLIST_KEY_UIApplicationSupportsIndirectInputEvents = YES;
				INFOPLIST_KEY_UILaunchScreen_Generation = YES;
				INFOPLIST_KEY_UISupportedInterfaceOrientations_iPad = "UIInterfaceOrientationPortrait UIInterfaceOrientationPortraitUpsideDown UIInterfaceOrientationLandscapeLeft UIInterfaceOrientationLandscapeRight";
				INFOPLIST_KEY_UISupportedInterfaceOrientations_iPhone = "UIInterfaceOrientationPortrait UIInterfaceOrientationLandscapeLeft UIInterfaceOrientationLandscapeRight";
				LD_RUNPATH_SEARCH_PATHS = (
					"$(inherited)",
					"@executable_path/Frameworks",
				);
				MARKETING_VERSION = 1.0;
				PRODUCT_BUNDLE_IDENTIFIER = "NIBM.Green-Thumb";
				PRODUCT_NAME = "$(TARGET_NAME)";
				SWIFT_EMIT_LOC_STRINGS = YES;
				SWIFT_VERSION = 5.0;
				TARGETED_DEVICE_FAMILY = "1,2";
			};
			name = Release;
		};
		2B327E222E44624E00CB8F1D /* Debug */ = {
			isa = XCBuildConfiguration;
			buildSettings = {
				BUNDLE_LOADER = "$(TEST_HOST)";
				CODE_SIGN_STYLE = Automatic;
				CURRENT_PROJECT_VERSION = 1;
				GENERATE_INFOPLIST_FILE = YES;
				IPHONEOS_DEPLOYMENT_TARGET = 18.4;
				MARKETING_VERSION = 1.0;
				PRODUCT_BUNDLE_IDENTIFIER = "NIBM.Green-ThumbTests";
				PRODUCT_NAME = "$(TARGET_NAME)";
				SWIFT_EMIT_LOC_STRINGS = NO;
				SWIFT_VERSION = 5.0;
				TARGETED_DEVICE_FAMILY = "1,2";
				TEST_HOST = "$(BUILT_PRODUCTS_DIR)/Green Thumb.app/$(BUNDLE_EXECUTABLE_FOLDER_PATH)/Green Thumb";
			};
			name = Debug;
		};
		2B327E232E44624E00CB8F1D /* Release */ = {
			isa = XCBuildConfiguration;
			buildSettings = {
				BUNDLE_LOADER = "$(TEST_HOST)";
				CODE_SIGN_STYLE = Automatic;
				CURRENT_PROJECT_VERSION = 1;
				GENERATE_INFOPLIST_FILE = YES;
				IPHONEOS_DEPLOYMENT_TARGET = 18.4;
				MARKETING_VERSION = 1.0;
				PRODUCT_BUNDLE_IDENTIFIER = "NIBM.Green-ThumbTests";
				PRODUCT_NAME = "$(TARGET_NAME)";
				SWIFT_EMIT_LOC_STRINGS = NO;
				SWIFT_VERSION = 5.0;
				TARGETED_DEVICE_FAMILY = "1,2";
				TEST_HOST = "$(BUILT_PRODUCTS_DIR)/Green Thumb.app/$(BUNDLE_EXECUTABLE_FOLDER_PATH)/Green Thumb";
			};
			name = Release;
		};
		2B327E252E44624E00CB8F1D /* Debug */ = {
			isa = XCBuildConfiguration;
			buildSettings = {
				CODE_SIGN_STYLE = Automatic;
				CURRENT_PROJECT_VERSION = 1;
				GENERATE_INFOPLIST_FILE = YES;
				MARKETING_VERSION = 1.0;
				PRODUCT_BUNDLE_IDENTIFIER = "NIBM.Green-ThumbUITests";
				PRODUCT_NAME = "$(TARGET_NAME)";
				SWIFT_EMIT_LOC_STRINGS = NO;
				SWIFT_VERSION = 5.0;
				TARGETED_DEVICE_FAMILY = "1,2";
				TEST_TARGET_NAME = "Green Thumb";
			};
			name = Debug;
		};
		2B327E262E44624E00CB8F1D /* Release */ = {
			isa = XCBuildConfiguration;
			buildSettings = {
				CODE_SIGN_STYLE = Automatic;
				CURRENT_PROJECT_VERSION = 1;
				GENERATE_INFOPLIST_FILE = YES;
				MARKETING_VERSION = 1.0;
				PRODUCT_BUNDLE_IDENTIFIER = "NIBM.Green-ThumbUITests";
				PRODUCT_NAME = "$(TARGET_NAME)";
				SWIFT_EMIT_LOC_STRINGS = NO;
				SWIFT_VERSION = 5.0;
				TARGETED_DEVICE_FAMILY = "1,2";
				TEST_TARGET_NAME = "Green Thumb";
			};
			name = Release;
		};
/* End XCBuildConfiguration section */

/* Begin XCConfigurationList section */
		2B327DF32E44624C00CB8F1D /* Build configuration list for PBXProject "Green Thumb" */ = {
			isa = XCConfigurationList;
			buildConfigurations = (
				2B327E1C2E44624E00CB8F1D /* Debug */,
				2B327E1D2E44624E00CB8F1D /* Release */,
			);
			defaultConfigurationIsVisible = 0;
			defaultConfigurationName = Release;
		};
		2B327E1E2E44624E00CB8F1D /* Build configuration list for PBXNativeTarget "Green Thumb" */ = {
			isa = XCConfigurationList;
			buildConfigurations = (
				2B327E1F2E44624E00CB8F1D /* Debug */,
				2B327E202E44624E00CB8F1D /* Release */,
			);
			defaultConfigurationIsVisible = 0;
			defaultConfigurationName = Release;
		};
		2B327E212E44624E00CB8F1D /* Build configuration list for PBXNativeTarget "Green ThumbTests" */ = {
			isa = XCConfigurationList;
			buildConfigurations = (
				2B327E222E44624E00CB8F1D /* Debug */,
				2B327E232E44624E00CB8F1D /* Release */,
			);
			defaultConfigurationIsVisible = 0;
			defaultConfigurationName = Release;
		};
		2B327E242E44624E00CB8F1D /* Build configuration list for PBXNativeTarget "Green ThumbUITests" */ = {
			isa = XCConfigurationList;
			buildConfigurations = (
				2B327E252E44624E00CB8F1D /* Debug */,
				2B327E262E44624E00CB8F1D /* Release */,
			);
			defaultConfigurationIsVisible = 0;
			defaultConfigurationName = Release;
		};
/* End XCConfigurationList section */

/* Begin XCRemoteSwiftPackageReference section */
		2B327E272E446AF000CB8F1D /* XCRemoteSwiftPackageReference "firebase-ios-sdk" */ = {
			isa = XCRemoteSwiftPackageReference;
			repositoryURL = "https://github.com/firebase/firebase-ios-sdk";
			requirement = {
				kind = upToNextMajorVersion;
				minimumVersion = 12.1.0;
			};
		};
/* End XCRemoteSwiftPackageReference section */

/* Begin XCSwiftPackageProductDependency section */
		2B327E282E446AF000CB8F1D /* FirebaseAuth */ = {
			isa = XCSwiftPackageProductDependency;
			package = 2B327E272E446AF000CB8F1D /* XCRemoteSwiftPackageReference "firebase-ios-sdk" */;
			productName = FirebaseAuth;
		};
		2B327E2A2E446AF000CB8F1D /* FirebaseCore */ = {
			isa = XCSwiftPackageProductDependency;
			package = 2B327E272E446AF000CB8F1D /* XCRemoteSwiftPackageReference "firebase-ios-sdk" */;
			productName = FirebaseCore;
		};
		2B327E2C2E446AF000CB8F1D /* FirebaseFirestore */ = {
			isa = XCSwiftPackageProductDependency;
			package = 2B327E272E446AF000CB8F1D /* XCRemoteSwiftPackageReference "firebase-ios-sdk" */;
			productName = FirebaseFirestore;
		};
/* End XCSwiftPackageProductDependency section */
	};
	rootObject = 2B327DF02E44624C00CB8F1D /* Project object */;
}
