// !$*UTF8*$!
{
	archiveVersion = 1;
	classes = {
	};
	objectVersion = 77;
	objects = {

/* Begin PBXBuildFile section */
		2B0418AD2E4DC3E100339B96 /* GreenThumbDataModel.xcdatamodeld in Sources */ = {isa = PBXBuildFile; fileRef = 2B0418AB2E4DC3E100339B96 /* GreenThumbDataModel.xcdatamodeld */; };
		2B0418B02E4DDB5600339B96 /* PersistenceController.swift in Sources */ = {isa = PBXBuildFile; fileRef = 2B0418AF2E4DDB5200339B96 /* PersistenceController.swift */; };
		2B0418B92E4DDDE000339B96 /* Enums.swift in Sources */ = {isa = PBXBuildFile; fileRef = 2B0418B82E4DDDBE00339B96 /* Enums.swift */; };
		2B0418BB2E4DDE0700339B96 /* ReminderScheduler.swift in Sources */ = {isa = PBXBuildFile; fileRef = 2B0418BA2E4DDE0400339B96 /* ReminderScheduler.swift */; };
		2B0418BD2E4DDE3800339B96 /* NewPlantState.swift in Sources */ = {isa = PBXBuildFile; fileRef = 2B0418BC2E4DDE2F00339B96 /* NewPlantState.swift */; };
		2B0418BF2E4DDE5C00339B96 /* StepperHeader.swift in Sources */ = {isa = PBXBuildFile; fileRef = 2B0418BE2E4DDE5400339B96 /* StepperHeader.swift */; };
		2B0418C12E4DDEE500339B96 /* PhotoStepView.swift in Sources */ = {isa = PBXBuildFile; fileRef = 2B0418C02E4DDEE200339B96 /* PhotoStepView.swift */; };
		2B0418C32E4DDEFA00339B96 /* SpeciesStepView.swift in Sources */ = {isa = PBXBuildFile; fileRef = 2B0418C22E4DDEF600339B96 /* SpeciesStepView.swift */; };
		2B0418C52E4DDF0D00339B96 /* DetailsStepView.swift in Sources */ = {isa = PBXBuildFile; fileRef = 2B0418C42E4DDF0B00339B96 /* DetailsStepView.swift */; };
		2B0418C72E4DDF2600339B96 /* PreviewStepView.swift in Sources */ = {isa = PBXBuildFile; fileRef = 2B0418C62E4DDF2300339B96 /* PreviewStepView.swift */; };
		2B0418C92E4DDF4100339B96 /* AddPlantFlowView.swift in Sources */ = {isa = PBXBuildFile; fileRef = 2B0418C82E4DDF3E00339B96 /* AddPlantFlowView.swift */; };
		2B0418CB2E4DDF9500339B96 /* PlantDetailView.swift in Sources */ = {isa = PBXBuildFile; fileRef = 2B0418CA2E4DDF7700339B96 /* PlantDetailView.swift */; };
		2B0418CD2E4DDFAF00339B96 /* MyGardenView.swift in Sources */ = {isa = PBXBuildFile; fileRef = 2B0418CC2E4DDFAD00339B96 /* MyGardenView.swift */; };
		2B1D15F72E486934000B2AE8 /* StoreLocatorViewModel.swift in Sources */ = {isa = PBXBuildFile; fileRef = 2B1D15F62E48692C000B2AE8 /* StoreLocatorViewModel.swift */; };
		2B1D15F92E48695A000B2AE8 /* StoreLocatorView.swift in Sources */ = {isa = PBXBuildFile; fileRef = 2B1D15F82E486955000B2AE8 /* StoreLocatorView.swift */; };
		2B1D15FB2E486B0B000B2AE8 /* Place.swift in Sources */ = {isa = PBXBuildFile; fileRef = 2B1D15FA2E486B07000B2AE8 /* Place.swift */; };
		2B1D15FD2E487274000B2AE8 /* DiseaseIdentifierViewModel.swift in Sources */ = {isa = PBXBuildFile; fileRef = 2B1D15FC2E487265000B2AE8 /* DiseaseIdentifierViewModel.swift */; };
		2B1D15FF2E48729C000B2AE8 /* ImagePicker.swift in Sources */ = {isa = PBXBuildFile; fileRef = 2B1D15FE2E487297000B2AE8 /* ImagePicker.swift */; };
		2B1D16012E4872CE000B2AE8 /* DiseaseIdentifierView.swift in Sources */ = {isa = PBXBuildFile; fileRef = 2B1D16002E4872CA000B2AE8 /* DiseaseIdentifierView.swift */; };
		2B1D16062E4886AE000B2AE8 /* SettingsKeys.swift in Sources */ = {isa = PBXBuildFile; fileRef = 2B1D16052E48869F000B2AE8 /* SettingsKeys.swift */; };
		2B1D16082E4886C4000B2AE8 /* AppSettings.swift in Sources */ = {isa = PBXBuildFile; fileRef = 2B1D16072E4886C0000B2AE8 /* AppSettings.swift */; };
		2B1D160A2E4886DD000B2AE8 /* SettingsStore.swift in Sources */ = {isa = PBXBuildFile; fileRef = 2B1D16092E4886DA000B2AE8 /* SettingsStore.swift */; };
		2B1D160C2E4886F0000B2AE8 /* UserDefaultsSettingsStore.swift in Sources */ = {isa = PBXBuildFile; fileRef = 2B1D160B2E4886ED000B2AE8 /* UserDefaultsSettingsStore.swift */; };
		2B1D160E2E48871F000B2AE8 /* NotificationManager.swift in Sources */ = {isa = PBXBuildFile; fileRef = 2B1D160D2E488701000B2AE8 /* NotificationManager.swift */; };
		2B1D16102E488738000B2AE8 /* FaceIDManager.swift in Sources */ = {isa = PBXBuildFile; fileRef = 2B1D160F2E488734000B2AE8 /* FaceIDManager.swift */; };
		2B1D16122E488747000B2AE8 /* SettingsViewModel.swift in Sources */ = {isa = PBXBuildFile; fileRef = 2B1D16112E488745000B2AE8 /* SettingsViewModel.swift */; };
		2B1D16162E488775000B2AE8 /* SettingsView.swift in Sources */ = {isa = PBXBuildFile; fileRef = 2B1D16152E488772000B2AE8 /* SettingsView.swift */; };
		2B1D16182E488788000B2AE8 /* QuietHoursView.swift in Sources */ = {isa = PBXBuildFile; fileRef = 2B1D16172E488784000B2AE8 /* QuietHoursView.swift */; };
		2B1D161A2E48879A000B2AE8 /* ManageStorageView.swift in Sources */ = {isa = PBXBuildFile; fileRef = 2B1D16192E488798000B2AE8 /* ManageStorageView.swift */; };
		2B1DE5D02E547B4B00FED637 /* Plant+HarvestComputed.swift in Sources */ = {isa = PBXBuildFile; fileRef = 2B1DE5CF2E547B4700FED637 /* Plant+HarvestComputed.swift */; };
		2B1DE5D22E547B6000FED637 /* GTProgressBar.swift in Sources */ = {isa = PBXBuildFile; fileRef = 2B1DE5D12E547B5E00FED637 /* GTProgressBar.swift */; };
		2B1DE5D42E547B6F00FED637 /* PlantAvatar.swift in Sources */ = {isa = PBXBuildFile; fileRef = 2B1DE5D32E547B6D00FED637 /* PlantAvatar.swift */; };
		2B1DE5D62E547B8800FED637 /* HarvestRowView.swift in Sources */ = {isa = PBXBuildFile; fileRef = 2B1DE5D52E547B8600FED637 /* HarvestRowView.swift */; };
		2B1DE5D82E547B9700FED637 /* WeekStrip.swift in Sources */ = {isa = PBXBuildFile; fileRef = 2B1DE5D72E547B9500FED637 /* WeekStrip.swift */; };
		2B1DE5DA2E547BA600FED637 /* AddHarvestSheet.swift in Sources */ = {isa = PBXBuildFile; fileRef = 2B1DE5D92E547BA300FED637 /* AddHarvestSheet.swift */; };
		2B1DE5DC2E547BC300FED637 /* HarvestListView.swift in Sources */ = {isa = PBXBuildFile; fileRef = 2B1DE5DB2E547BC100FED637 /* HarvestListView.swift */; };
		2B24F4922E4C3BF900B3E9EC /* AuthService.swift in Sources */ = {isa = PBXBuildFile; fileRef = 2B24F4912E4C3BF600B3E9EC /* AuthService.swift */; };
		2B24F4942E4C3C0600B3E9EC /* KeychainService.swift in Sources */ = {isa = PBXBuildFile; fileRef = 2B24F4932E4C3C0400B3E9EC /* KeychainService.swift */; };
		2B24F4962E4C3C1000B3E9EC /* BiometricAuth.swift in Sources */ = {isa = PBXBuildFile; fileRef = 2B24F4952E4C3C0E00B3E9EC /* BiometricAuth.swift */; };
		2B24F4992E4C3C2E00B3E9EC /* SessionStore.swift in Sources */ = {isa = PBXBuildFile; fileRef = 2B24F4982E4C3C2C00B3E9EC /* SessionStore.swift */; };
		2B24F49C2E4C3C5C00B3E9EC /* LoginView.swift in Sources */ = {isa = PBXBuildFile; fileRef = 2B24F49B2E4C3C5900B3E9EC /* LoginView.swift */; };
		2B24F49E2E4C3C6500B3E9EC /* SignupView.swift in Sources */ = {isa = PBXBuildFile; fileRef = 2B24F49D2E4C3C6300B3E9EC /* SignupView.swift */; };
		2B24F4A02E4C3C7100B3E9EC /* LockView.swift in Sources */ = {isa = PBXBuildFile; fileRef = 2B24F49F2E4C3C6E00B3E9EC /* LockView.swift */; };
		2B24F4A32E4C3C9000B3E9EC /* AuthViewModel.swift in Sources */ = {isa = PBXBuildFile; fileRef = 2B24F4A22E4C3C8900B3E9EC /* AuthViewModel.swift */; };
		2B24F4A52E4C3D6000B3E9EC /* AuthGateView.swift in Sources */ = {isa = PBXBuildFile; fileRef = 2B24F4A42E4C3D5A00B3E9EC /* AuthGateView.swift */; };
		2B24F4A82E4C4D0000B3E9EC /* SecuritySettingsView.swift in Sources */ = {isa = PBXBuildFile; fileRef = 2B24F4A72E4C4CF900B3E9EC /* SecuritySettingsView.swift */; };
		2B2B78802E4AE76900F56877 /* WeatherModels.swift in Sources */ = {isa = PBXBuildFile; fileRef = 2B2B787F2E4AE75D00F56877 /* WeatherModels.swift */; };
		2B2B78822E4AE7AB00F56877 /* WeatherServicing.swift in Sources */ = {isa = PBXBuildFile; fileRef = 2B2B78812E4AE7A700F56877 /* WeatherServicing.swift */; };
		2B2B78842E4AE7CC00F56877 /* OpenWeatherClient.swift in Sources */ = {isa = PBXBuildFile; fileRef = 2B2B78832E4AE7C700F56877 /* OpenWeatherClient.swift */; };
		2B2B78862E4AE7F200F56877 /* LocationProvider.swift in Sources */ = {isa = PBXBuildFile; fileRef = 2B2B78852E4AE7ED00F56877 /* LocationProvider.swift */; };
		2B2B78882E4AE81500F56877 /* WeatherViewModel.swift in Sources */ = {isa = PBXBuildFile; fileRef = 2B2B78872E4AE81200F56877 /* WeatherViewModel.swift */; };
		2B2B788A2E4AE83200F56877 /* WeatherView.swift in Sources */ = {isa = PBXBuildFile; fileRef = 2B2B78892E4AE82E00F56877 /* WeatherView.swift */; };
		2B2B788C2E4AEAD700F56877 /* PlaceSearchView.swift in Sources */ = {isa = PBXBuildFile; fileRef = 2B2B788B2E4AEAD300F56877 /* PlaceSearchView.swift */; };
		2B2B788E2E4AF96A00F56877 /* ForecastModels.swift in Sources */ = {isa = PBXBuildFile; fileRef = 2B2B788D2E4AF96600F56877 /* ForecastModels.swift */; };
		2B2B78902E4AF98D00F56877 /* ForecastServicing.swift in Sources */ = {isa = PBXBuildFile; fileRef = 2B2B788F2E4AF98A00F56877 /* ForecastServicing.swift */; };
		2B2B78922E4AF9A100F56877 /* OpenWeatherForecastClient.swift in Sources */ = {isa = PBXBuildFile; fileRef = 2B2B78912E4AF99F00F56877 /* OpenWeatherForecastClient.swift */; };
		2B2B78952E4AFA0500F56877 /* SuggestionEngine.swift in Sources */ = {isa = PBXBuildFile; fileRef = 2B2B78942E4AF9FA00F56877 /* SuggestionEngine.swift */; };
		2B327DFC2E44624C00CB8F1D /* Green_ThumbApp.swift in Sources */ = {isa = PBXBuildFile; fileRef = 2B327DFB2E44624C00CB8F1D /* Green_ThumbApp.swift */; };
		2B327DFE2E44624C00CB8F1D /* ContentView.swift in Sources */ = {isa = PBXBuildFile; fileRef = 2B327DFD2E44624C00CB8F1D /* ContentView.swift */; };
		2B327E292E446AF000CB8F1D /* FirebaseAuth in Frameworks */ = {isa = PBXBuildFile; productRef = 2B327E282E446AF000CB8F1D /* FirebaseAuth */; };
		2B327E2B2E446AF000CB8F1D /* FirebaseCore in Frameworks */ = {isa = PBXBuildFile; productRef = 2B327E2A2E446AF000CB8F1D /* FirebaseCore */; };
		2B327E2D2E446AF000CB8F1D /* FirebaseFirestore in Frameworks */ = {isa = PBXBuildFile; productRef = 2B327E2C2E446AF000CB8F1D /* FirebaseFirestore */; };
		2B6C8B2A2E5713E0007F4022 /* PlantHealthModels.swift in Sources */ = {isa = PBXBuildFile; fileRef = 2B6C8B292E5713DB007F4022 /* PlantHealthModels.swift */; };
		2B6C8B2C2E57143E007F4022 /* Adapters.swift in Sources */ = {isa = PBXBuildFile; fileRef = 2B6C8B2B2E571438007F4022 /* Adapters.swift */; };
		2B6C8B2E2E571458007F4022 /* HealthEngine.swift in Sources */ = {isa = PBXBuildFile; fileRef = 2B6C8B2D2E571453007F4022 /* HealthEngine.swift */; };
		2B6C8B302E57146B007F4022 /* HealthCenter.swift in Sources */ = {isa = PBXBuildFile; fileRef = 2B6C8B2F2E571469007F4022 /* HealthCenter.swift */; };
		2B6C8B322E57147F007F4022 /* HealthStatusDashboardView.swift in Sources */ = {isa = PBXBuildFile; fileRef = 2B6C8B312E57147B007F4022 /* HealthStatusDashboardView.swift */; };
		2B6C8B342E571490007F4022 /* HealthDetailView.swift in Sources */ = {isa = PBXBuildFile; fileRef = 2B6C8B332E57148E007F4022 /* HealthDetailView.swift */; };
		2B6C8B362E57149C007F4022 /* HealthCheckFormView.swift in Sources */ = {isa = PBXBuildFile; fileRef = 2B6C8B352E57149A007F4022 /* HealthCheckFormView.swift */; };
		2B6C8B392E571658007F4022 /* PlantHealthRing.swift in Sources */ = {isa = PBXBuildFile; fileRef = 2B6C8B382E571654007F4022 /* PlantHealthRing.swift */; };
		2B78B1112E4EFA0A001A46C6 /* CustomTabBar.swift in Sources */ = {isa = PBXBuildFile; fileRef = 2B78B1102E4EFA07001A46C6 /* CustomTabBar.swift */; };
		2B78B1132E4EFA37001A46C6 /* TabHost.swift in Sources */ = {isa = PBXBuildFile; fileRef = 2B78B1122E4EFA24001A46C6 /* TabHost.swift */; };
		2B78B1162E4EFC04001A46C6 /* AppTab.swift in Sources */ = {isa = PBXBuildFile; fileRef = 2B78B1152E4EFBFD001A46C6 /* AppTab.swift */; };
		2B78B1272E4F0F9C001A46C6 /* TaskDataModel.xcdatamodeld in Sources */ = {isa = PBXBuildFile; fileRef = 2B78B1252E4F0F9C001A46C6 /* TaskDataModel.xcdatamodeld */; };
		2B78B12A2E4F14CD001A46C6 /* TaskItem.swift in Sources */ = {isa = PBXBuildFile; fileRef = 2B78B1292E4F14C9001A46C6 /* TaskItem.swift */; };
		2B78B12C2E4F14EC001A46C6 /* TaskRepository.swift in Sources */ = {isa = PBXBuildFile; fileRef = 2B78B12B2E4F14EA001A46C6 /* TaskRepository.swift */; };
		2B78B12E2E4F1529001A46C6 /* CoreDataStack+Task.swift in Sources */ = {isa = PBXBuildFile; fileRef = 2B78B12D2E4F1525001A46C6 /* CoreDataStack+Task.swift */; };
		2B78B1302E4F1552001A46C6 /* TaskScheduler.swift in Sources */ = {isa = PBXBuildFile; fileRef = 2B78B12F2E4F1550001A46C6 /* TaskScheduler.swift */; };
		2B78B1322E4F156D001A46C6 /* TaskListViewModel.swift in Sources */ = {isa = PBXBuildFile; fileRef = 2B78B1312E4F1565001A46C6 /* TaskListViewModel.swift */; };
		2B78B1362E4F15A3001A46C6 /* TaskTheme.swift in Sources */ = {isa = PBXBuildFile; fileRef = 2B78B1352E4F159B001A46C6 /* TaskTheme.swift */; };
		2B78B1382E4F15BC001A46C6 /* TaskRowView.swift in Sources */ = {isa = PBXBuildFile; fileRef = 2B78B1372E4F15B6001A46C6 /* TaskRowView.swift */; };
		2B78B13A2E4F15D1001A46C6 /* TaskListView.swift in Sources */ = {isa = PBXBuildFile; fileRef = 2B78B1392E4F15CE001A46C6 /* TaskListView.swift */; };
		2B78B13C2E4F15E7001A46C6 /* TaskEditorView.swift in Sources */ = {isa = PBXBuildFile; fileRef = 2B78B13B2E4F15E3001A46C6 /* TaskEditorView.swift */; };
		2B78B13E2E4F17F7001A46C6 /* Binding+OptionalDate.swift in Sources */ = {isa = PBXBuildFile; fileRef = 2B78B13D2E4F17F2001A46C6 /* Binding+OptionalDate.swift */; };
		2B78B1402E4F1BA2001A46C6 /* TaskEditorViewModel.swift in Sources */ = {isa = PBXBuildFile; fileRef = 2B78B13F2E4F1B2F001A46C6 /* TaskEditorViewModel.swift */; };
		2BA7FEBD2E471D8D00720C5A /* DashboardItem.swift in Sources */ = {isa = PBXBuildFile; fileRef = 2BA7FEBC2E471D8100720C5A /* DashboardItem.swift */; };
		2BA7FEBF2E471D9F00720C5A /* DashboardTile.swift in Sources */ = {isa = PBXBuildFile; fileRef = 2BA7FEBE2E471D9B00720C5A /* DashboardTile.swift */; };
		2BA7FEC12E471DB400720C5A /* DashboardView.swift in Sources */ = {isa = PBXBuildFile; fileRef = 2BA7FEC02E471DB000720C5A /* DashboardView.swift */; };
		2BB3C97A2E49EDBA00717B31 /* PlantDiseaseClassifier.mlpackage in Sources */ = {isa = PBXBuildFile; fileRef = 2BB3C9792E49EDBA00717B31 /* PlantDiseaseClassifier.mlpackage */; };
/* End PBXBuildFile section */

/* Begin PBXContainerItemProxy section */
		2B327E0B2E44624E00CB8F1D /* PBXContainerItemProxy */ = {
			isa = PBXContainerItemProxy;
			containerPortal = 2B327DF02E44624C00CB8F1D /* Project object */;
			proxyType = 1;
			remoteGlobalIDString = 2B327DF72E44624C00CB8F1D;
			remoteInfo = "Green Thumb";
		};
		2B327E152E44624E00CB8F1D /* PBXContainerItemProxy */ = {
			isa = PBXContainerItemProxy;
			containerPortal = 2B327DF02E44624C00CB8F1D /* Project object */;
			proxyType = 1;
			remoteGlobalIDString = 2B327DF72E44624C00CB8F1D;
			remoteInfo = "Green Thumb";
		};
/* End PBXContainerItemProxy section */

/* Begin PBXFileReference section */
		2B0418AC2E4DC3E100339B96 /* GreenThumbDataModel.xcdatamodel */ = {isa = PBXFileReference; lastKnownFileType = wrapper.xcdatamodel; path = GreenThumbDataModel.xcdatamodel; sourceTree = "<group>"; };
		2B0418AF2E4DDB5200339B96 /* PersistenceController.swift */ = {isa = PBXFileReference; lastKnownFileType = sourcecode.swift; path = PersistenceController.swift; sourceTree = "<group>"; };
		2B0418B82E4DDDBE00339B96 /* Enums.swift */ = {isa = PBXFileReference; lastKnownFileType = sourcecode.swift; path = Enums.swift; sourceTree = "<group>"; };
		2B0418BA2E4DDE0400339B96 /* ReminderScheduler.swift */ = {isa = PBXFileReference; lastKnownFileType = sourcecode.swift; path = ReminderScheduler.swift; sourceTree = "<group>"; };
		2B0418BC2E4DDE2F00339B96 /* NewPlantState.swift */ = {isa = PBXFileReference; lastKnownFileType = sourcecode.swift; path = NewPlantState.swift; sourceTree = "<group>"; };
		2B0418BE2E4DDE5400339B96 /* StepperHeader.swift */ = {isa = PBXFileReference; lastKnownFileType = sourcecode.swift; path = StepperHeader.swift; sourceTree = "<group>"; };
		2B0418C02E4DDEE200339B96 /* PhotoStepView.swift */ = {isa = PBXFileReference; lastKnownFileType = sourcecode.swift; path = PhotoStepView.swift; sourceTree = "<group>"; };
		2B0418C22E4DDEF600339B96 /* SpeciesStepView.swift */ = {isa = PBXFileReference; lastKnownFileType = sourcecode.swift; path = SpeciesStepView.swift; sourceTree = "<group>"; };
		2B0418C42E4DDF0B00339B96 /* DetailsStepView.swift */ = {isa = PBXFileReference; lastKnownFileType = sourcecode.swift; path = DetailsStepView.swift; sourceTree = "<group>"; };
		2B0418C62E4DDF2300339B96 /* PreviewStepView.swift */ = {isa = PBXFileReference; lastKnownFileType = sourcecode.swift; path = PreviewStepView.swift; sourceTree = "<group>"; };
		2B0418C82E4DDF3E00339B96 /* AddPlantFlowView.swift */ = {isa = PBXFileReference; lastKnownFileType = sourcecode.swift; path = AddPlantFlowView.swift; sourceTree = "<group>"; };
		2B0418CA2E4DDF7700339B96 /* PlantDetailView.swift */ = {isa = PBXFileReference; lastKnownFileType = sourcecode.swift; path = PlantDetailView.swift; sourceTree = "<group>"; };
		2B0418CC2E4DDFAD00339B96 /* MyGardenView.swift */ = {isa = PBXFileReference; lastKnownFileType = sourcecode.swift; path = MyGardenView.swift; sourceTree = "<group>"; };
		2B1D15F62E48692C000B2AE8 /* StoreLocatorViewModel.swift */ = {isa = PBXFileReference; lastKnownFileType = sourcecode.swift; path = StoreLocatorViewModel.swift; sourceTree = "<group>"; };
		2B1D15F82E486955000B2AE8 /* StoreLocatorView.swift */ = {isa = PBXFileReference; lastKnownFileType = sourcecode.swift; path = StoreLocatorView.swift; sourceTree = "<group>"; };
		2B1D15FA2E486B07000B2AE8 /* Place.swift */ = {isa = PBXFileReference; lastKnownFileType = sourcecode.swift; path = Place.swift; sourceTree = "<group>"; };
		2B1D15FC2E487265000B2AE8 /* DiseaseIdentifierViewModel.swift */ = {isa = PBXFileReference; lastKnownFileType = sourcecode.swift; path = DiseaseIdentifierViewModel.swift; sourceTree = "<group>"; };
		2B1D15FE2E487297000B2AE8 /* ImagePicker.swift */ = {isa = PBXFileReference; lastKnownFileType = sourcecode.swift; path = ImagePicker.swift; sourceTree = "<group>"; };
		2B1D16002E4872CA000B2AE8 /* DiseaseIdentifierView.swift */ = {isa = PBXFileReference; lastKnownFileType = sourcecode.swift; path = DiseaseIdentifierView.swift; sourceTree = "<group>"; };
		2B1D16052E48869F000B2AE8 /* SettingsKeys.swift */ = {isa = PBXFileReference; lastKnownFileType = sourcecode.swift; path = SettingsKeys.swift; sourceTree = "<group>"; };
		2B1D16072E4886C0000B2AE8 /* AppSettings.swift */ = {isa = PBXFileReference; lastKnownFileType = sourcecode.swift; path = AppSettings.swift; sourceTree = "<group>"; };
		2B1D16092E4886DA000B2AE8 /* SettingsStore.swift */ = {isa = PBXFileReference; lastKnownFileType = sourcecode.swift; path = SettingsStore.swift; sourceTree = "<group>"; };
		2B1D160B2E4886ED000B2AE8 /* UserDefaultsSettingsStore.swift */ = {isa = PBXFileReference; lastKnownFileType = sourcecode.swift; path = UserDefaultsSettingsStore.swift; sourceTree = "<group>"; };
		2B1D160D2E488701000B2AE8 /* NotificationManager.swift */ = {isa = PBXFileReference; lastKnownFileType = sourcecode.swift; path = NotificationManager.swift; sourceTree = "<group>"; };
		2B1D160F2E488734000B2AE8 /* FaceIDManager.swift */ = {isa = PBXFileReference; lastKnownFileType = sourcecode.swift; path = FaceIDManager.swift; sourceTree = "<group>"; };
		2B1D16112E488745000B2AE8 /* SettingsViewModel.swift */ = {isa = PBXFileReference; lastKnownFileType = sourcecode.swift; path = SettingsViewModel.swift; sourceTree = "<group>"; };
		2B1D16152E488772000B2AE8 /* SettingsView.swift */ = {isa = PBXFileReference; lastKnownFileType = sourcecode.swift; path = SettingsView.swift; sourceTree = "<group>"; };
		2B1D16172E488784000B2AE8 /* QuietHoursView.swift */ = {isa = PBXFileReference; lastKnownFileType = sourcecode.swift; path = QuietHoursView.swift; sourceTree = "<group>"; };
		2B1D16192E488798000B2AE8 /* ManageStorageView.swift */ = {isa = PBXFileReference; lastKnownFileType = sourcecode.swift; path = ManageStorageView.swift; sourceTree = "<group>"; };
		2B1DE5CF2E547B4700FED637 /* Plant+HarvestComputed.swift */ = {isa = PBXFileReference; lastKnownFileType = sourcecode.swift; path = "Plant+HarvestComputed.swift"; sourceTree = "<group>"; };
		2B1DE5D12E547B5E00FED637 /* GTProgressBar.swift */ = {isa = PBXFileReference; lastKnownFileType = sourcecode.swift; path = GTProgressBar.swift; sourceTree = "<group>"; };
		2B1DE5D32E547B6D00FED637 /* PlantAvatar.swift */ = {isa = PBXFileReference; lastKnownFileType = sourcecode.swift; path = PlantAvatar.swift; sourceTree = "<group>"; };
		2B1DE5D52E547B8600FED637 /* HarvestRowView.swift */ = {isa = PBXFileReference; lastKnownFileType = sourcecode.swift; path = HarvestRowView.swift; sourceTree = "<group>"; };
		2B1DE5D72E547B9500FED637 /* WeekStrip.swift */ = {isa = PBXFileReference; lastKnownFileType = sourcecode.swift; path = WeekStrip.swift; sourceTree = "<group>"; };
		2B1DE5D92E547BA300FED637 /* AddHarvestSheet.swift */ = {isa = PBXFileReference; lastKnownFileType = sourcecode.swift; path = AddHarvestSheet.swift; sourceTree = "<group>"; };
		2B1DE5DB2E547BC100FED637 /* HarvestListView.swift */ = {isa = PBXFileReference; lastKnownFileType = sourcecode.swift; path = HarvestListView.swift; sourceTree = "<group>"; };
		2B24F4912E4C3BF600B3E9EC /* AuthService.swift */ = {isa = PBXFileReference; lastKnownFileType = sourcecode.swift; path = AuthService.swift; sourceTree = "<group>"; };
		2B24F4932E4C3C0400B3E9EC /* KeychainService.swift */ = {isa = PBXFileReference; lastKnownFileType = sourcecode.swift; path = KeychainService.swift; sourceTree = "<group>"; };
		2B24F4952E4C3C0E00B3E9EC /* BiometricAuth.swift */ = {isa = PBXFileReference; lastKnownFileType = sourcecode.swift; path = BiometricAuth.swift; sourceTree = "<group>"; };
		2B24F4982E4C3C2C00B3E9EC /* SessionStore.swift */ = {isa = PBXFileReference; lastKnownFileType = sourcecode.swift; path = SessionStore.swift; sourceTree = "<group>"; };
		2B24F49B2E4C3C5900B3E9EC /* LoginView.swift */ = {isa = PBXFileReference; lastKnownFileType = sourcecode.swift; path = LoginView.swift; sourceTree = "<group>"; };
		2B24F49D2E4C3C6300B3E9EC /* SignupView.swift */ = {isa = PBXFileReference; lastKnownFileType = sourcecode.swift; path = SignupView.swift; sourceTree = "<group>"; };
		2B24F49F2E4C3C6E00B3E9EC /* LockView.swift */ = {isa = PBXFileReference; lastKnownFileType = sourcecode.swift; path = LockView.swift; sourceTree = "<group>"; };
		2B24F4A22E4C3C8900B3E9EC /* AuthViewModel.swift */ = {isa = PBXFileReference; lastKnownFileType = sourcecode.swift; path = AuthViewModel.swift; sourceTree = "<group>"; };
		2B24F4A42E4C3D5A00B3E9EC /* AuthGateView.swift */ = {isa = PBXFileReference; lastKnownFileType = sourcecode.swift; path = AuthGateView.swift; sourceTree = "<group>"; };
		2B24F4A72E4C4CF900B3E9EC /* SecuritySettingsView.swift */ = {isa = PBXFileReference; lastKnownFileType = sourcecode.swift; path = SecuritySettingsView.swift; sourceTree = "<group>"; };
		2B2B787F2E4AE75D00F56877 /* WeatherModels.swift */ = {isa = PBXFileReference; lastKnownFileType = sourcecode.swift; path = WeatherModels.swift; sourceTree = "<group>"; };
		2B2B78812E4AE7A700F56877 /* WeatherServicing.swift */ = {isa = PBXFileReference; lastKnownFileType = sourcecode.swift; path = WeatherServicing.swift; sourceTree = "<group>"; };
		2B2B78832E4AE7C700F56877 /* OpenWeatherClient.swift */ = {isa = PBXFileReference; lastKnownFileType = sourcecode.swift; path = OpenWeatherClient.swift; sourceTree = "<group>"; };
		2B2B78852E4AE7ED00F56877 /* LocationProvider.swift */ = {isa = PBXFileReference; lastKnownFileType = sourcecode.swift; path = LocationProvider.swift; sourceTree = "<group>"; };
		2B2B78872E4AE81200F56877 /* WeatherViewModel.swift */ = {isa = PBXFileReference; lastKnownFileType = sourcecode.swift; path = WeatherViewModel.swift; sourceTree = "<group>"; };
		2B2B78892E4AE82E00F56877 /* WeatherView.swift */ = {isa = PBXFileReference; lastKnownFileType = sourcecode.swift; path = WeatherView.swift; sourceTree = "<group>"; };
		2B2B788B2E4AEAD300F56877 /* PlaceSearchView.swift */ = {isa = PBXFileReference; lastKnownFileType = sourcecode.swift; path = PlaceSearchView.swift; sourceTree = "<group>"; };
		2B2B788D2E4AF96600F56877 /* ForecastModels.swift */ = {isa = PBXFileReference; lastKnownFileType = sourcecode.swift; path = ForecastModels.swift; sourceTree = "<group>"; };
		2B2B788F2E4AF98A00F56877 /* ForecastServicing.swift */ = {isa = PBXFileReference; lastKnownFileType = sourcecode.swift; path = ForecastServicing.swift; sourceTree = "<group>"; };
		2B2B78912E4AF99F00F56877 /* OpenWeatherForecastClient.swift */ = {isa = PBXFileReference; lastKnownFileType = sourcecode.swift; path = OpenWeatherForecastClient.swift; sourceTree = "<group>"; };
		2B2B78942E4AF9FA00F56877 /* SuggestionEngine.swift */ = {isa = PBXFileReference; lastKnownFileType = sourcecode.swift; path = SuggestionEngine.swift; sourceTree = "<group>"; };
		2B327DF82E44624C00CB8F1D /* Green Thumb.app */ = {isa = PBXFileReference; explicitFileType = wrapper.application; includeInIndex = 0; path = "Green Thumb.app"; sourceTree = BUILT_PRODUCTS_DIR; };
		2B327DFB2E44624C00CB8F1D /* Green_ThumbApp.swift */ = {isa = PBXFileReference; lastKnownFileType = sourcecode.swift; path = Green_ThumbApp.swift; sourceTree = "<group>"; };
		2B327DFD2E44624C00CB8F1D /* ContentView.swift */ = {isa = PBXFileReference; lastKnownFileType = sourcecode.swift; path = ContentView.swift; sourceTree = "<group>"; };
		2B327E0A2E44624E00CB8F1D /* Green ThumbTests.xctest */ = {isa = PBXFileReference; explicitFileType = wrapper.cfbundle; includeInIndex = 0; path = "Green ThumbTests.xctest"; sourceTree = BUILT_PRODUCTS_DIR; };
		2B327E142E44624E00CB8F1D /* Green ThumbUITests.xctest */ = {isa = PBXFileReference; explicitFileType = wrapper.cfbundle; includeInIndex = 0; path = "Green ThumbUITests.xctest"; sourceTree = BUILT_PRODUCTS_DIR; };
		2B6C8B292E5713DB007F4022 /* PlantHealthModels.swift */ = {isa = PBXFileReference; lastKnownFileType = sourcecode.swift; path = PlantHealthModels.swift; sourceTree = "<group>"; };
		2B6C8B2B2E571438007F4022 /* Adapters.swift */ = {isa = PBXFileReference; lastKnownFileType = sourcecode.swift; path = Adapters.swift; sourceTree = "<group>"; };
		2B6C8B2D2E571453007F4022 /* HealthEngine.swift */ = {isa = PBXFileReference; lastKnownFileType = sourcecode.swift; path = HealthEngine.swift; sourceTree = "<group>"; };
		2B6C8B2F2E571469007F4022 /* HealthCenter.swift */ = {isa = PBXFileReference; lastKnownFileType = sourcecode.swift; path = HealthCenter.swift; sourceTree = "<group>"; };
		2B6C8B312E57147B007F4022 /* HealthStatusDashboardView.swift */ = {isa = PBXFileReference; lastKnownFileType = sourcecode.swift; path = HealthStatusDashboardView.swift; sourceTree = "<group>"; };
		2B6C8B332E57148E007F4022 /* HealthDetailView.swift */ = {isa = PBXFileReference; lastKnownFileType = sourcecode.swift; path = HealthDetailView.swift; sourceTree = "<group>"; };
		2B6C8B352E57149A007F4022 /* HealthCheckFormView.swift */ = {isa = PBXFileReference; lastKnownFileType = sourcecode.swift; path = HealthCheckFormView.swift; sourceTree = "<group>"; };
		2B6C8B382E571654007F4022 /* PlantHealthRing.swift */ = {isa = PBXFileReference; lastKnownFileType = sourcecode.swift; path = PlantHealthRing.swift; sourceTree = "<group>"; };
		2B78B1102E4EFA07001A46C6 /* CustomTabBar.swift */ = {isa = PBXFileReference; lastKnownFileType = sourcecode.swift; path = CustomTabBar.swift; sourceTree = "<group>"; };
		2B78B1122E4EFA24001A46C6 /* TabHost.swift */ = {isa = PBXFileReference; lastKnownFileType = sourcecode.swift; path = TabHost.swift; sourceTree = "<group>"; };
		2B78B1152E4EFBFD001A46C6 /* AppTab.swift */ = {isa = PBXFileReference; lastKnownFileType = sourcecode.swift; path = AppTab.swift; sourceTree = "<group>"; };
		2B78B1262E4F0F9C001A46C6 /* TaskDataModel.xcdatamodel */ = {isa = PBXFileReference; lastKnownFileType = wrapper.xcdatamodel; path = TaskDataModel.xcdatamodel; sourceTree = "<group>"; };
		2B78B1292E4F14C9001A46C6 /* TaskItem.swift */ = {isa = PBXFileReference; lastKnownFileType = sourcecode.swift; path = TaskItem.swift; sourceTree = "<group>"; };
		2B78B12B2E4F14EA001A46C6 /* TaskRepository.swift */ = {isa = PBXFileReference; lastKnownFileType = sourcecode.swift; path = TaskRepository.swift; sourceTree = "<group>"; };
		2B78B12D2E4F1525001A46C6 /* CoreDataStack+Task.swift */ = {isa = PBXFileReference; lastKnownFileType = sourcecode.swift; path = "CoreDataStack+Task.swift"; sourceTree = "<group>"; };
		2B78B12F2E4F1550001A46C6 /* TaskScheduler.swift */ = {isa = PBXFileReference; lastKnownFileType = sourcecode.swift; path = TaskScheduler.swift; sourceTree = "<group>"; };
		2B78B1312E4F1565001A46C6 /* TaskListViewModel.swift */ = {isa = PBXFileReference; lastKnownFileType = sourcecode.swift; path = TaskListViewModel.swift; sourceTree = "<group>"; };
		2B78B1352E4F159B001A46C6 /* TaskTheme.swift */ = {isa = PBXFileReference; lastKnownFileType = sourcecode.swift; path = TaskTheme.swift; sourceTree = "<group>"; };
		2B78B1372E4F15B6001A46C6 /* TaskRowView.swift */ = {isa = PBXFileReference; lastKnownFileType = sourcecode.swift; path = TaskRowView.swift; sourceTree = "<group>"; };
		2B78B1392E4F15CE001A46C6 /* TaskListView.swift */ = {isa = PBXFileReference; lastKnownFileType = sourcecode.swift; path = TaskListView.swift; sourceTree = "<group>"; };
		2B78B13B2E4F15E3001A46C6 /* TaskEditorView.swift */ = {isa = PBXFileReference; lastKnownFileType = sourcecode.swift; path = TaskEditorView.swift; sourceTree = "<group>"; };
		2B78B13D2E4F17F2001A46C6 /* Binding+OptionalDate.swift */ = {isa = PBXFileReference; lastKnownFileType = sourcecode.swift; path = "Binding+OptionalDate.swift"; sourceTree = "<group>"; };
		2B78B13F2E4F1B2F001A46C6 /* TaskEditorViewModel.swift */ = {isa = PBXFileReference; lastKnownFileType = sourcecode.swift; path = TaskEditorViewModel.swift; sourceTree = "<group>"; };
		2BA7FEBC2E471D8100720C5A /* DashboardItem.swift */ = {isa = PBXFileReference; lastKnownFileType = sourcecode.swift; path = DashboardItem.swift; sourceTree = "<group>"; };
		2BA7FEBE2E471D9B00720C5A /* DashboardTile.swift */ = {isa = PBXFileReference; lastKnownFileType = sourcecode.swift; path = DashboardTile.swift; sourceTree = "<group>"; };
		2BA7FEC02E471DB000720C5A /* DashboardView.swift */ = {isa = PBXFileReference; lastKnownFileType = sourcecode.swift; path = DashboardView.swift; sourceTree = "<group>"; };
		2BB3C9792E49EDBA00717B31 /* PlantDiseaseClassifier.mlpackage */ = {isa = PBXFileReference; lastKnownFileType = folder.mlpackage; path = PlantDiseaseClassifier.mlpackage; sourceTree = "<group>"; };
/* End PBXFileReference section */

/* Begin PBXFileSystemSynchronizedRootGroup section */
		2B327DFA2E44624C00CB8F1D /* Green Thumb */ = {
			isa = PBXFileSystemSynchronizedRootGroup;
			path = "Green Thumb";
			sourceTree = "<group>";
		};
		2B327E0D2E44624E00CB8F1D /* Green ThumbTests */ = {
			isa = PBXFileSystemSynchronizedRootGroup;
			path = "Green ThumbTests";
			sourceTree = "<group>";
		};
		2B327E172E44624E00CB8F1D /* Green ThumbUITests */ = {
			isa = PBXFileSystemSynchronizedRootGroup;
			path = "Green ThumbUITests";
			sourceTree = "<group>";
		};
/* End PBXFileSystemSynchronizedRootGroup section */

/* Begin PBXFrameworksBuildPhase section */
		2B327DF52E44624C00CB8F1D /* Frameworks */ = {
			isa = PBXFrameworksBuildPhase;
			buildActionMask = 2147483647;
			files = (
				2B327E2B2E446AF000CB8F1D /* FirebaseCore in Frameworks */,
				2B327E292E446AF000CB8F1D /* FirebaseAuth in Frameworks */,
				2B327E2D2E446AF000CB8F1D /* FirebaseFirestore in Frameworks */,
			);
			runOnlyForDeploymentPostprocessing = 0;
		};
		2B327E072E44624E00CB8F1D /* Frameworks */ = {
			isa = PBXFrameworksBuildPhase;
			buildActionMask = 2147483647;
			files = (
			);
			runOnlyForDeploymentPostprocessing = 0;
		};
		2B327E112E44624E00CB8F1D /* Frameworks */ = {
			isa = PBXFrameworksBuildPhase;
			buildActionMask = 2147483647;
			files = (
			);
			runOnlyForDeploymentPostprocessing = 0;
		};
/* End PBXFrameworksBuildPhase section */

/* Begin PBXGroup section */
		2B0418AE2E4DDB2300339B96 /* Data */ = {
			isa = PBXGroup;
			children = (
				2B0418AF2E4DDB5200339B96 /* PersistenceController.swift */,
			);
			path = Data;
			sourceTree = "<group>";
		};
		2B0418B12E4DDCEC00339B96 /* Models */ = {
			isa = PBXGroup;
			children = (
				2B0418B82E4DDDBE00339B96 /* Enums.swift */,
			);
			path = Models;
			sourceTree = "<group>";
		};
		2B0418B22E4DDCFE00339B96 /* Services */ = {
			isa = PBXGroup;
			children = (
				2B0418BA2E4DDE0400339B96 /* ReminderScheduler.swift */,
			);
			path = Services;
			sourceTree = "<group>";
		};
		2B0418B32E4DDD1600339B96 /* ViewModels */ = {
			isa = PBXGroup;
			children = (
				2B0418BC2E4DDE2F00339B96 /* NewPlantState.swift */,
			);
			path = ViewModels;
			sourceTree = "<group>";
		};
		2B0418B42E4DDD3200339B96 /* Views */ = {
			isa = PBXGroup;
			children = (
				2B0418CC2E4DDFAD00339B96 /* MyGardenView.swift */,
				2B0418CA2E4DDF7700339B96 /* PlantDetailView.swift */,
				2B0418B52E4DDD4200339B96 /* AddPlant */,
			);
			path = Views;
			sourceTree = "<group>";
		};
		2B0418B52E4DDD4200339B96 /* AddPlant */ = {
			isa = PBXGroup;
			children = (
				2B0418C82E4DDF3E00339B96 /* AddPlantFlowView.swift */,
				2B0418C62E4DDF2300339B96 /* PreviewStepView.swift */,
				2B0418C42E4DDF0B00339B96 /* DetailsStepView.swift */,
				2B0418C22E4DDEF600339B96 /* SpeciesStepView.swift */,
				2B0418C02E4DDEE200339B96 /* PhotoStepView.swift */,
				2B0418BE2E4DDE5400339B96 /* StepperHeader.swift */,
			);
			path = AddPlant;
			sourceTree = "<group>";
		};
		2B0418B62E4DDD6800339B96 /* Previews */ = {
			isa = PBXGroup;
			children = (
			);
			path = Previews;
			sourceTree = "<group>";
		};
		2B0418B72E4DDD8600339B96 /* Tests */ = {
			isa = PBXGroup;
			children = (
			);
			path = Tests;
			sourceTree = "<group>";
		};
		2B1D15F52E4868EC000B2AE8 /* StoreLocator */ = {
			isa = PBXGroup;
			children = (
				2B1D15FA2E486B07000B2AE8 /* Place.swift */,
				2B1D15F82E486955000B2AE8 /* StoreLocatorView.swift */,
				2B1D15F62E48692C000B2AE8 /* StoreLocatorViewModel.swift */,
			);
			path = StoreLocator;
			sourceTree = "<group>";
		};
		2B1D16042E4885FC000B2AE8 /* Settings */ = {
			isa = PBXGroup;
			children = (
				2B24F4A62E4C4CE900B3E9EC /* UI */,
				2B1D16192E488798000B2AE8 /* ManageStorageView.swift */,
				2B1D16172E488784000B2AE8 /* QuietHoursView.swift */,
				2B1D16152E488772000B2AE8 /* SettingsView.swift */,
				2B1D16112E488745000B2AE8 /* SettingsViewModel.swift */,
				2B1D160F2E488734000B2AE8 /* FaceIDManager.swift */,
				2B1D160D2E488701000B2AE8 /* NotificationManager.swift */,
				2B1D160B2E4886ED000B2AE8 /* UserDefaultsSettingsStore.swift */,
				2B1D16092E4886DA000B2AE8 /* SettingsStore.swift */,
				2B1D16072E4886C0000B2AE8 /* AppSettings.swift */,
				2B1D16052E48869F000B2AE8 /* SettingsKeys.swift */,
			);
			path = Settings;
			sourceTree = "<group>";
		};
		2B1DE5CE2E547B3800FED637 /* Harvest */ = {
			isa = PBXGroup;
			children = (
				2B1DE5DB2E547BC100FED637 /* HarvestListView.swift */,
				2B1DE5D92E547BA300FED637 /* AddHarvestSheet.swift */,
				2B1DE5D72E547B9500FED637 /* WeekStrip.swift */,
				2B1DE5D52E547B8600FED637 /* HarvestRowView.swift */,
				2B1DE5D32E547B6D00FED637 /* PlantAvatar.swift */,
				2B1DE5D12E547B5E00FED637 /* GTProgressBar.swift */,
				2B1DE5CF2E547B4700FED637 /* Plant+HarvestComputed.swift */,
			);
			path = Harvest;
			sourceTree = "<group>";
		};
		2B24F4902E4C3BEB00B3E9EC /* Services */ = {
			isa = PBXGroup;
			children = (
				2B24F4952E4C3C0E00B3E9EC /* BiometricAuth.swift */,
				2B24F4932E4C3C0400B3E9EC /* KeychainService.swift */,
				2B24F4912E4C3BF600B3E9EC /* AuthService.swift */,
			);
			path = Services;
			sourceTree = "<group>";
		};
		2B24F4972E4C3C2000B3E9EC /* Session */ = {
			isa = PBXGroup;
			children = (
				2B24F4982E4C3C2C00B3E9EC /* SessionStore.swift */,
			);
			path = Session;
			sourceTree = "<group>";
		};
		2B24F49A2E4C3C3F00B3E9EC /* UI */ = {
			isa = PBXGroup;
			children = (
				2B24F49F2E4C3C6E00B3E9EC /* LockView.swift */,
				2B24F49D2E4C3C6300B3E9EC /* SignupView.swift */,
				2B24F49B2E4C3C5900B3E9EC /* LoginView.swift */,
			);
			path = UI;
			sourceTree = "<group>";
		};
		2B24F4A12E4C3C7C00B3E9EC /* ViewModels */ = {
			isa = PBXGroup;
			children = (
				2B24F4A22E4C3C8900B3E9EC /* AuthViewModel.swift */,
			);
			path = ViewModels;
			sourceTree = "<group>";
		};
		2B24F4A62E4C4CE900B3E9EC /* UI */ = {
			isa = PBXGroup;
			children = (
				2B24F4A72E4C4CF900B3E9EC /* SecuritySettingsView.swift */,
			);
			path = UI;
			sourceTree = "<group>";
		};
		2B2B78932E4AF9CC00F56877 /* Suggestions */ = {
			isa = PBXGroup;
			children = (
				2B2B78942E4AF9FA00F56877 /* SuggestionEngine.swift */,
			);
			path = Suggestions;
			sourceTree = "<group>";
		};
		2B327DEF2E44624C00CB8F1D = {
			isa = PBXGroup;
			children = (
				2B0418AB2E4DC3E100339B96 /* GreenThumbDataModel.xcdatamodeld */,
				2B327E3C2E44844800CB8F1D /* App */,
				2B327E312E44783F00CB8F1D /* Modules */,
				2B327DFA2E44624C00CB8F1D /* Green Thumb */,
				2B327E0D2E44624E00CB8F1D /* Green ThumbTests */,
				2B327E172E44624E00CB8F1D /* Green ThumbUITests */,
				2B327DF92E44624C00CB8F1D /* Products */,
			);
			sourceTree = "<group>";
		};
		2B327DF92E44624C00CB8F1D /* Products */ = {
			isa = PBXGroup;
			children = (
				2B327DF82E44624C00CB8F1D /* Green Thumb.app */,
				2B327E0A2E44624E00CB8F1D /* Green ThumbTests.xctest */,
				2B327E142E44624E00CB8F1D /* Green ThumbUITests.xctest */,
			);
			name = Products;
			sourceTree = "<group>";
		};
		2B327E312E44783F00CB8F1D /* Modules */ = {
			isa = PBXGroup;
			children = (
				2B6C8B242E57138C007F4022 /* HealthStatus */,
				2B1DE5CE2E547B3800FED637 /* Harvest */,
				2B78B1282E4F0FDA001A46C6 /* Task */,
				2B78B10D2E4EF91F001A46C6 /* Navigation */,
				2B1D16042E4885FC000B2AE8 /* Settings */,
				2B1D15F52E4868EC000B2AE8 /* StoreLocator */,
				2B327E3B2E44819700CB8F1D /* Profile */,
				2B327E382E4480EE00CB8F1D /* DiseaseDetection */,
				2B327E372E4480D700CB8F1D /* Weather */,
				2B327E342E44809900CB8F1D /* PlantManagement */,
				2B327E332E44808100CB8F1D /* Dashboard */,
				2B327E322E4478C500CB8F1D /* Authentication */,
			);
			path = Modules;
			sourceTree = "<group>";
		};
		2B327E322E4478C500CB8F1D /* Authentication */ = {
			isa = PBXGroup;
			children = (
				2B24F4A12E4C3C7C00B3E9EC /* ViewModels */,
				2B24F49A2E4C3C3F00B3E9EC /* UI */,
				2B24F4972E4C3C2000B3E9EC /* Session */,
				2B24F4902E4C3BEB00B3E9EC /* Services */,
			);
			path = Authentication;
			sourceTree = "<group>";
		};
		2B327E332E44808100CB8F1D /* Dashboard */ = {
			isa = PBXGroup;
			children = (
				2BA7FEC02E471DB000720C5A /* DashboardView.swift */,
				2BA7FEBE2E471D9B00720C5A /* DashboardTile.swift */,
				2BA7FEBC2E471D8100720C5A /* DashboardItem.swift */,
			);
			path = Dashboard;
			sourceTree = "<group>";
		};
		2B327E342E44809900CB8F1D /* PlantManagement */ = {
			isa = PBXGroup;
			children = (
				2B0418B72E4DDD8600339B96 /* Tests */,
				2B0418B62E4DDD6800339B96 /* Previews */,
				2B0418B42E4DDD3200339B96 /* Views */,
				2B0418B32E4DDD1600339B96 /* ViewModels */,
				2B0418B22E4DDCFE00339B96 /* Services */,
				2B0418B12E4DDCEC00339B96 /* Models */,
				2B0418AE2E4DDB2300339B96 /* Data */,
			);
			path = PlantManagement;
			sourceTree = "<group>";
		};
		2B327E372E4480D700CB8F1D /* Weather */ = {
			isa = PBXGroup;
			children = (
				2B2B78932E4AF9CC00F56877 /* Suggestions */,
				2BB3C9D72E4A242600717B31 /*  View */,
				2BB3C9D62E4A241900717B31 /* ViewModel */,
				2BB3C9D52E4A240C00717B31 /* Location */,
				2BB3C9D42E4A240000717B31 /* Service */,
				2BB3C9D32E4A23E600717B31 /* Model */,
			);
			path = Weather;
			sourceTree = "<group>";
		};
		2B327E382E4480EE00CB8F1D /* DiseaseDetection */ = {
			isa = PBXGroup;
			children = (
				2B1D16002E4872CA000B2AE8 /* DiseaseIdentifierView.swift */,
				2B1D15FE2E487297000B2AE8 /* ImagePicker.swift */,
				2B1D15FC2E487265000B2AE8 /* DiseaseIdentifierViewModel.swift */,
				2BB3C9792E49EDBA00717B31 /* PlantDiseaseClassifier.mlpackage */,
			);
			path = DiseaseDetection;
			sourceTree = "<group>";
		};
		2B327E3B2E44819700CB8F1D /* Profile */ = {
			isa = PBXGroup;
			children = (
			);
			path = Profile;
			sourceTree = "<group>";
		};
		2B327E3C2E44844800CB8F1D /* App */ = {
			isa = PBXGroup;
			children = (
				2B24F4A42E4C3D5A00B3E9EC /* AuthGateView.swift */,
				2B327DFD2E44624C00CB8F1D /* ContentView.swift */,
				2B327DFB2E44624C00CB8F1D /* Green_ThumbApp.swift */,
			);
			path = App;
			sourceTree = "<group>";
		};
		2B6C8B242E57138C007F4022 /* HealthStatus */ = {
			isa = PBXGroup;
			children = (
				2B6C8B282E5713C7007F4022 /* Views */,
				2B6C8B272E5713BB007F4022 /* Adapters */,
				2B6C8B262E5713B1007F4022 /* Services */,
				2B6C8B252E5713A5007F4022 /* Models */,
			);
			path = HealthStatus;
			sourceTree = "<group>";
		};
		2B6C8B252E5713A5007F4022 /* Models */ = {
			isa = PBXGroup;
			children = (
				2B6C8B292E5713DB007F4022 /* PlantHealthModels.swift */,
			);
			path = Models;
			sourceTree = "<group>";
		};
		2B6C8B262E5713B1007F4022 /* Services */ = {
			isa = PBXGroup;
			children = (
				2B6C8B2F2E571469007F4022 /* HealthCenter.swift */,
				2B6C8B2D2E571453007F4022 /* HealthEngine.swift */,
			);
			path = Services;
			sourceTree = "<group>";
		};
		2B6C8B272E5713BB007F4022 /* Adapters */ = {
			isa = PBXGroup;
			children = (
				2B6C8B2B2E571438007F4022 /* Adapters.swift */,
			);
			path = Adapters;
			sourceTree = "<group>";
		};
		2B6C8B282E5713C7007F4022 /* Views */ = {
			isa = PBXGroup;
			children = (
				2B6C8B372E571636007F4022 /* Components */,
				2B6C8B352E57149A007F4022 /* HealthCheckFormView.swift */,
				2B6C8B332E57148E007F4022 /* HealthDetailView.swift */,
				2B6C8B312E57147B007F4022 /* HealthStatusDashboardView.swift */,
			);
			path = Views;
			sourceTree = "<group>";
		};
		2B6C8B372E571636007F4022 /* Components */ = {
			isa = PBXGroup;
			children = (
				2B6C8B382E571654007F4022 /* PlantHealthRing.swift */,
			);
			path = Components;
			sourceTree = "<group>";
		};
		2B78B10D2E4EF91F001A46C6 /* Navigation */ = {
			isa = PBXGroup;
			children = (
				2B78B1152E4EFBFD001A46C6 /* AppTab.swift */,
				2B78B1122E4EFA24001A46C6 /* TabHost.swift */,
				2B78B1102E4EFA07001A46C6 /* CustomTabBar.swift */,
			);
			path = Navigation;
			sourceTree = "<group>";
		};
		2B78B1282E4F0FDA001A46C6 /* Task */ = {
			isa = PBXGroup;
			children = (
				2B78B13F2E4F1B2F001A46C6 /* TaskEditorViewModel.swift */,
				2B78B13D2E4F17F2001A46C6 /* Binding+OptionalDate.swift */,
				2B78B13B2E4F15E3001A46C6 /* TaskEditorView.swift */,
				2B78B1392E4F15CE001A46C6 /* TaskListView.swift */,
				2B78B1372E4F15B6001A46C6 /* TaskRowView.swift */,
				2B78B1352E4F159B001A46C6 /* TaskTheme.swift */,
				2B78B1312E4F1565001A46C6 /* TaskListViewModel.swift */,
				2B78B12F2E4F1550001A46C6 /* TaskScheduler.swift */,
				2B78B12D2E4F1525001A46C6 /* CoreDataStack+Task.swift */,
				2B78B12B2E4F14EA001A46C6 /* TaskRepository.swift */,
				2B78B1292E4F14C9001A46C6 /* TaskItem.swift */,
				2B78B1252E4F0F9C001A46C6 /* TaskDataModel.xcdatamodeld */,
			);
			path = Task;
			sourceTree = "<group>";
		};
		2BB3C9D32E4A23E600717B31 /* Model */ = {
			isa = PBXGroup;
			children = (
				2B2B788D2E4AF96600F56877 /* ForecastModels.swift */,
				2B2B787F2E4AE75D00F56877 /* WeatherModels.swift */,
			);
			path = Model;
			sourceTree = "<group>";
		};
		2BB3C9D42E4A240000717B31 /* Service */ = {
			isa = PBXGroup;
			children = (
				2B2B78912E4AF99F00F56877 /* OpenWeatherForecastClient.swift */,
				2B2B788F2E4AF98A00F56877 /* ForecastServicing.swift */,
				2B2B78832E4AE7C700F56877 /* OpenWeatherClient.swift */,
				2B2B78812E4AE7A700F56877 /* WeatherServicing.swift */,
			);
			path = Service;
			sourceTree = "<group>";
		};
		2BB3C9D52E4A240C00717B31 /* Location */ = {
			isa = PBXGroup;
			children = (
				2B2B78852E4AE7ED00F56877 /* LocationProvider.swift */,
			);
			path = Location;
			sourceTree = "<group>";
		};
		2BB3C9D62E4A241900717B31 /* ViewModel */ = {
			isa = PBXGroup;
			children = (
				2B2B78872E4AE81200F56877 /* WeatherViewModel.swift */,
			);
			path = ViewModel;
			sourceTree = "<group>";
		};
		2BB3C9D72E4A242600717B31 /*  View */ = {
			isa = PBXGroup;
			children = (
				2B2B788B2E4AEAD300F56877 /* PlaceSearchView.swift */,
				2B2B78892E4AE82E00F56877 /* WeatherView.swift */,
			);
			path = " View";
			sourceTree = "<group>";
		};
/* End PBXGroup section */

/* Begin PBXNativeTarget section */
		2B327DF72E44624C00CB8F1D /* Green Thumb */ = {
			isa = PBXNativeTarget;
			buildConfigurationList = 2B327E1E2E44624E00CB8F1D /* Build configuration list for PBXNativeTarget "Green Thumb" */;
			buildPhases = (
				2B327DF42E44624C00CB8F1D /* Sources */,
				2B327DF52E44624C00CB8F1D /* Frameworks */,
				2B327DF62E44624C00CB8F1D /* Resources */,
			);
			buildRules = (
			);
			dependencies = (
			);
			fileSystemSynchronizedGroups = (
				2B327DFA2E44624C00CB8F1D /* Green Thumb */,
			);
			name = "Green Thumb";
			packageProductDependencies = (
				2B327E282E446AF000CB8F1D /* FirebaseAuth */,
				2B327E2A2E446AF000CB8F1D /* FirebaseCore */,
				2B327E2C2E446AF000CB8F1D /* FirebaseFirestore */,
			);
			productName = "Green Thumb";
			productReference = 2B327DF82E44624C00CB8F1D /* Green Thumb.app */;
			productType = "com.apple.product-type.application";
		};
		2B327E092E44624E00CB8F1D /* Green ThumbTests */ = {
			isa = PBXNativeTarget;
			buildConfigurationList = 2B327E212E44624E00CB8F1D /* Build configuration list for PBXNativeTarget "Green ThumbTests" */;
			buildPhases = (
				2B327E062E44624E00CB8F1D /* Sources */,
				2B327E072E44624E00CB8F1D /* Frameworks */,
				2B327E082E44624E00CB8F1D /* Resources */,
			);
			buildRules = (
			);
			dependencies = (
				2B327E0C2E44624E00CB8F1D /* PBXTargetDependency */,
			);
			fileSystemSynchronizedGroups = (
				2B327E0D2E44624E00CB8F1D /* Green ThumbTests */,
			);
			name = "Green ThumbTests";
			packageProductDependencies = (
			);
			productName = "Green ThumbTests";
			productReference = 2B327E0A2E44624E00CB8F1D /* Green ThumbTests.xctest */;
			productType = "com.apple.product-type.bundle.unit-test";
		};
		2B327E132E44624E00CB8F1D /* Green ThumbUITests */ = {
			isa = PBXNativeTarget;
			buildConfigurationList = 2B327E242E44624E00CB8F1D /* Build configuration list for PBXNativeTarget "Green ThumbUITests" */;
			buildPhases = (
				2B327E102E44624E00CB8F1D /* Sources */,
				2B327E112E44624E00CB8F1D /* Frameworks */,
				2B327E122E44624E00CB8F1D /* Resources */,
			);
			buildRules = (
			);
			dependencies = (
				2B327E162E44624E00CB8F1D /* PBXTargetDependency */,
			);
			fileSystemSynchronizedGroups = (
				2B327E172E44624E00CB8F1D /* Green ThumbUITests */,
			);
			name = "Green ThumbUITests";
			packageProductDependencies = (
			);
			productName = "Green ThumbUITests";
			productReference = 2B327E142E44624E00CB8F1D /* Green ThumbUITests.xctest */;
			productType = "com.apple.product-type.bundle.ui-testing";
		};
/* End PBXNativeTarget section */

/* Begin PBXProject section */
		2B327DF02E44624C00CB8F1D /* Project object */ = {
			isa = PBXProject;
			attributes = {
				BuildIndependentTargetsInParallel = 1;
				LastSwiftUpdateCheck = 1630;
				LastUpgradeCheck = 1630;
				TargetAttributes = {
					2B327DF72E44624C00CB8F1D = {
						CreatedOnToolsVersion = 16.3;
					};
					2B327E092E44624E00CB8F1D = {
						CreatedOnToolsVersion = 16.3;
						TestTargetID = 2B327DF72E44624C00CB8F1D;
					};
					2B327E132E44624E00CB8F1D = {
						CreatedOnToolsVersion = 16.3;
						TestTargetID = 2B327DF72E44624C00CB8F1D;
					};
				};
			};
			buildConfigurationList = 2B327DF32E44624C00CB8F1D /* Build configuration list for PBXProject "Green Thumb" */;
			developmentRegion = en;
			hasScannedForEncodings = 0;
			knownRegions = (
				en,
				Base,
			);
			mainGroup = 2B327DEF2E44624C00CB8F1D;
			minimizedProjectReferenceProxies = 1;
			packageReferences = (
				2B327E272E446AF000CB8F1D /* XCRemoteSwiftPackageReference "firebase-ios-sdk" */,
			);
			preferredProjectObjectVersion = 77;
			productRefGroup = 2B327DF92E44624C00CB8F1D /* Products */;
			projectDirPath = "";
			projectRoot = "";
			targets = (
				2B327DF72E44624C00CB8F1D /* Green Thumb */,
				2B327E092E44624E00CB8F1D /* Green ThumbTests */,
				2B327E132E44624E00CB8F1D /* Green ThumbUITests */,
			);
		};
/* End PBXProject section */

/* Begin PBXResourcesBuildPhase section */
		2B327DF62E44624C00CB8F1D /* Resources */ = {
			isa = PBXResourcesBuildPhase;
			buildActionMask = 2147483647;
			files = (
			);
			runOnlyForDeploymentPostprocessing = 0;
		};
		2B327E082E44624E00CB8F1D /* Resources */ = {
			isa = PBXResourcesBuildPhase;
			buildActionMask = 2147483647;
			files = (
			);
			runOnlyForDeploymentPostprocessing = 0;
		};
		2B327E122E44624E00CB8F1D /* Resources */ = {
			isa = PBXResourcesBuildPhase;
			buildActionMask = 2147483647;
			files = (
			);
			runOnlyForDeploymentPostprocessing = 0;
		};
/* End PBXResourcesBuildPhase section */

/* Begin PBXSourcesBuildPhase section */
		2B327DF42E44624C00CB8F1D /* Sources */ = {
			isa = PBXSourcesBuildPhase;
			buildActionMask = 2147483647;
			files = (
				2B2B788A2E4AE83200F56877 /* WeatherView.swift in Sources */,
				2B1D16122E488747000B2AE8 /* SettingsViewModel.swift in Sources */,
				2B24F4922E4C3BF900B3E9EC /* AuthService.swift in Sources */,
				2B2B78902E4AF98D00F56877 /* ForecastServicing.swift in Sources */,
				2B0418CD2E4DDFAF00339B96 /* MyGardenView.swift in Sources */,
				2B0418C32E4DDEFA00339B96 /* SpeciesStepView.swift in Sources */,
				2B78B12C2E4F14EC001A46C6 /* TaskRepository.swift in Sources */,
				2B78B13A2E4F15D1001A46C6 /* TaskListView.swift in Sources */,
				2BA7FEBD2E471D8D00720C5A /* DashboardItem.swift in Sources */,
				2B6C8B2E2E571458007F4022 /* HealthEngine.swift in Sources */,
				2B2B78842E4AE7CC00F56877 /* OpenWeatherClient.swift in Sources */,
				2B6C8B322E57147F007F4022 /* HealthStatusDashboardView.swift in Sources */,
				2B24F4A52E4C3D6000B3E9EC /* AuthGateView.swift in Sources */,
				2B6C8B2A2E5713E0007F4022 /* PlantHealthModels.swift in Sources */,
				2B1D16012E4872CE000B2AE8 /* DiseaseIdentifierView.swift in Sources */,
				2B1D15FB2E486B0B000B2AE8 /* Place.swift in Sources */,
				2B1DE5D42E547B6F00FED637 /* PlantAvatar.swift in Sources */,
				2B78B1162E4EFC04001A46C6 /* AppTab.swift in Sources */,
				2B1DE5D22E547B6000FED637 /* GTProgressBar.swift in Sources */,
				2B78B1382E4F15BC001A46C6 /* TaskRowView.swift in Sources */,
				2B78B13E2E4F17F7001A46C6 /* Binding+OptionalDate.swift in Sources */,
				2B1DE5D62E547B8800FED637 /* HarvestRowView.swift in Sources */,
				2B78B1302E4F1552001A46C6 /* TaskScheduler.swift in Sources */,
				2B6C8B2C2E57143E007F4022 /* Adapters.swift in Sources */,
				2B1D15F92E48695A000B2AE8 /* StoreLocatorView.swift in Sources */,
				2B24F49E2E4C3C6500B3E9EC /* SignupView.swift in Sources */,
				2B2B788E2E4AF96A00F56877 /* ForecastModels.swift in Sources */,
				2B2B78822E4AE7AB00F56877 /* WeatherServicing.swift in Sources */,
				2B0418B02E4DDB5600339B96 /* PersistenceController.swift in Sources */,
				2B0418C12E4DDEE500339B96 /* PhotoStepView.swift in Sources */,
				2B78B1132E4EFA37001A46C6 /* TabHost.swift in Sources */,
				2BA7FEC12E471DB400720C5A /* DashboardView.swift in Sources */,
				2B24F4942E4C3C0600B3E9EC /* KeychainService.swift in Sources */,
				2B78B1322E4F156D001A46C6 /* TaskListViewModel.swift in Sources */,
				2B78B12A2E4F14CD001A46C6 /* TaskItem.swift in Sources */,
				2B1D16162E488775000B2AE8 /* SettingsView.swift in Sources */,
				2B0418C92E4DDF4100339B96 /* AddPlantFlowView.swift in Sources */,
				2B2B78922E4AF9A100F56877 /* OpenWeatherForecastClient.swift in Sources */,
				2B327DFE2E44624C00CB8F1D /* ContentView.swift in Sources */,
				2B2B78882E4AE81500F56877 /* WeatherViewModel.swift in Sources */,
				2B6C8B342E571490007F4022 /* HealthDetailView.swift in Sources */,
				2B2B788C2E4AEAD700F56877 /* PlaceSearchView.swift in Sources */,
				2BA7FEBF2E471D9F00720C5A /* DashboardTile.swift in Sources */,
				2B24F4A82E4C4D0000B3E9EC /* SecuritySettingsView.swift in Sources */,
				2B1D160C2E4886F0000B2AE8 /* UserDefaultsSettingsStore.swift in Sources */,
				2B78B1112E4EFA0A001A46C6 /* CustomTabBar.swift in Sources */,
				2B24F4A02E4C3C7100B3E9EC /* LockView.swift in Sources */,
				2B6C8B362E57149C007F4022 /* HealthCheckFormView.swift in Sources */,
				2B0418BF2E4DDE5C00339B96 /* StepperHeader.swift in Sources */,
				2B0418BD2E4DDE3800339B96 /* NewPlantState.swift in Sources */,
				2B78B1272E4F0F9C001A46C6 /* TaskDataModel.xcdatamodeld in Sources */,
				2B0418CB2E4DDF9500339B96 /* PlantDetailView.swift in Sources */,
				2B2B78862E4AE7F200F56877 /* LocationProvider.swift in Sources */,
				2B0418AD2E4DC3E100339B96 /* GreenThumbDataModel.xcdatamodeld in Sources */,
				2B1D160A2E4886DD000B2AE8 /* SettingsStore.swift in Sources */,
				2B1D16182E488788000B2AE8 /* QuietHoursView.swift in Sources */,
				2B78B12E2E4F1529001A46C6 /* CoreDataStack+Task.swift in Sources */,
				2B1D15FD2E487274000B2AE8 /* DiseaseIdentifierViewModel.swift in Sources */,
				2B2B78952E4AFA0500F56877 /* SuggestionEngine.swift in Sources */,
				2B78B1362E4F15A3001A46C6 /* TaskTheme.swift in Sources */,
				2B1D161A2E48879A000B2AE8 /* ManageStorageView.swift in Sources */,
				2B1D15FF2E48729C000B2AE8 /* ImagePicker.swift in Sources */,
				2B1D16082E4886C4000B2AE8 /* AppSettings.swift in Sources */,
				2B327DFC2E44624C00CB8F1D /* Green_ThumbApp.swift in Sources */,
				2B1DE5DA2E547BA600FED637 /* AddHarvestSheet.swift in Sources */,
				2BB3C97A2E49EDBA00717B31 /* PlantDiseaseClassifier.mlpackage in Sources */,
				2B24F4962E4C3C1000B3E9EC /* BiometricAuth.swift in Sources */,
				2B6C8B392E571658007F4022 /* PlantHealthRing.swift in Sources */,
				2B2B78802E4AE76900F56877 /* WeatherModels.swift in Sources */,
				2B1D160E2E48871F000B2AE8 /* NotificationManager.swift in Sources */,
				2B1D16062E4886AE000B2AE8 /* SettingsKeys.swift in Sources */,
				2B1DE5D82E547B9700FED637 /* WeekStrip.swift in Sources */,
				2B24F4992E4C3C2E00B3E9EC /* SessionStore.swift in Sources */,
				2B78B13C2E4F15E7001A46C6 /* TaskEditorView.swift in Sources */,
				2B1DE5DC2E547BC300FED637 /* HarvestListView.swift in Sources */,
				2B1DE5D02E547B4B00FED637 /* Plant+HarvestComputed.swift in Sources */,
				2B6C8B302E57146B007F4022 /* HealthCenter.swift in Sources */,
				2B24F4A32E4C3C9000B3E9EC /* AuthViewModel.swift in Sources */,
				2B0418C72E4DDF2600339B96 /* PreviewStepView.swift in Sources */,
				2B1D15F72E486934000B2AE8 /* StoreLocatorViewModel.swift in Sources */,
				2B78B1402E4F1BA2001A46C6 /* TaskEditorViewModel.swift in Sources */,
				2B24F49C2E4C3C5C00B3E9EC /* LoginView.swift in Sources */,
				2B0418B92E4DDDE000339B96 /* Enums.swift in Sources */,
				2B1D16102E488738000B2AE8 /* FaceIDManager.swift in Sources */,
				2B0418BB2E4DDE0700339B96 /* ReminderScheduler.swift in Sources */,
				2B0418C52E4DDF0D00339B96 /* DetailsStepView.swift in Sources */,
			);
			runOnlyForDeploymentPostprocessing = 0;
		};
		2B327E062E44624E00CB8F1D /* Sources */ = {
			isa = PBXSourcesBuildPhase;
			buildActionMask = 2147483647;
			files = (
			);
			runOnlyForDeploymentPostprocessing = 0;
		};
		2B327E102E44624E00CB8F1D /* Sources */ = {
			isa = PBXSourcesBuildPhase;
			buildActionMask = 2147483647;
			files = (
			);
			runOnlyForDeploymentPostprocessing = 0;
		};
/* End PBXSourcesBuildPhase section */

/* Begin PBXTargetDependency section */
		2B327E0C2E44624E00CB8F1D /* PBXTargetDependency */ = {
			isa = PBXTargetDependency;
			target = 2B327DF72E44624C00CB8F1D /* Green Thumb */;
			targetProxy = 2B327E0B2E44624E00CB8F1D /* PBXContainerItemProxy */;
		};
		2B327E162E44624E00CB8F1D /* PBXTargetDependency */ = {
			isa = PBXTargetDependency;
			target = 2B327DF72E44624C00CB8F1D /* Green Thumb */;
			targetProxy = 2B327E152E44624E00CB8F1D /* PBXContainerItemProxy */;
		};
/* End PBXTargetDependency section */

/* Begin XCBuildConfiguration section */
		2B327E1C2E44624E00CB8F1D /* Debug */ = {
			isa = XCBuildConfiguration;
			buildSettings = {
				ALWAYS_SEARCH_USER_PATHS = NO;
				ASSETCATALOG_COMPILER_GENERATE_SWIFT_ASSET_SYMBOL_EXTENSIONS = YES;
				CLANG_ANALYZER_NONNULL = YES;
				CLANG_ANALYZER_NUMBER_OBJECT_CONVERSION = YES_AGGRESSIVE;
				CLANG_CXX_LANGUAGE_STANDARD = "gnu++20";
				CLANG_ENABLE_MODULES = YES;
				CLANG_ENABLE_OBJC_ARC = YES;
				CLANG_ENABLE_OBJC_WEAK = YES;
				CLANG_WARN_BLOCK_CAPTURE_AUTORELEASING = YES;
				CLANG_WARN_BOOL_CONVERSION = YES;
				CLANG_WARN_COMMA = YES;
				CLANG_WARN_CONSTANT_CONVERSION = YES;
				CLANG_WARN_DEPRECATED_OBJC_IMPLEMENTATIONS = YES;
				CLANG_WARN_DIRECT_OBJC_ISA_USAGE = YES_ERROR;
				CLANG_WARN_DOCUMENTATION_COMMENTS = YES;
				CLANG_WARN_EMPTY_BODY = YES;
				CLANG_WARN_ENUM_CONVERSION = YES;
				CLANG_WARN_INFINITE_RECURSION = YES;
				CLANG_WARN_INT_CONVERSION = YES;
				CLANG_WARN_NON_LITERAL_NULL_CONVERSION = YES;
				CLANG_WARN_OBJC_IMPLICIT_RETAIN_SELF = YES;
				CLANG_WARN_OBJC_LITERAL_CONVERSION = YES;
				CLANG_WARN_OBJC_ROOT_CLASS = YES_ERROR;
				CLANG_WARN_QUOTED_INCLUDE_IN_FRAMEWORK_HEADER = YES;
				CLANG_WARN_RANGE_LOOP_ANALYSIS = YES;
				CLANG_WARN_STRICT_PROTOTYPES = YES;
				CLANG_WARN_SUSPICIOUS_MOVE = YES;
				CLANG_WARN_UNGUARDED_AVAILABILITY = YES_AGGRESSIVE;
				CLANG_WARN_UNREACHABLE_CODE = YES;
				CLANG_WARN__DUPLICATE_METHOD_MATCH = YES;
				COPY_PHASE_STRIP = NO;
				DEBUG_INFORMATION_FORMAT = dwarf;
				ENABLE_STRICT_OBJC_MSGSEND = YES;
				ENABLE_TESTABILITY = YES;
				ENABLE_USER_SCRIPT_SANDBOXING = YES;
				GCC_C_LANGUAGE_STANDARD = gnu17;
				GCC_DYNAMIC_NO_PIC = NO;
				GCC_NO_COMMON_BLOCKS = YES;
				GCC_OPTIMIZATION_LEVEL = 0;
				GCC_PREPROCESSOR_DEFINITIONS = (
					"DEBUG=1",
					"$(inherited)",
				);
				GCC_WARN_64_TO_32_BIT_CONVERSION = YES;
				GCC_WARN_ABOUT_RETURN_TYPE = YES_ERROR;
				GCC_WARN_UNDECLARED_SELECTOR = YES;
				GCC_WARN_UNINITIALIZED_AUTOS = YES_AGGRESSIVE;
				GCC_WARN_UNUSED_FUNCTION = YES;
				GCC_WARN_UNUSED_VARIABLE = YES;
				IPHONEOS_DEPLOYMENT_TARGET = 18.4;
				LOCALIZATION_PREFERS_STRING_CATALOGS = YES;
				MTL_ENABLE_DEBUG_INFO = INCLUDE_SOURCE;
				MTL_FAST_MATH = YES;
				ONLY_ACTIVE_ARCH = YES;
				SDKROOT = iphoneos;
				SWIFT_ACTIVE_COMPILATION_CONDITIONS = "DEBUG $(inherited)";
				SWIFT_OPTIMIZATION_LEVEL = "-Onone";
			};
			name = Debug;
		};
		2B327E1D2E44624E00CB8F1D /* Release */ = {
			isa = XCBuildConfiguration;
			buildSettings = {
				ALWAYS_SEARCH_USER_PATHS = NO;
				ASSETCATALOG_COMPILER_GENERATE_SWIFT_ASSET_SYMBOL_EXTENSIONS = YES;
				CLANG_ANALYZER_NONNULL = YES;
				CLANG_ANALYZER_NUMBER_OBJECT_CONVERSION = YES_AGGRESSIVE;
				CLANG_CXX_LANGUAGE_STANDARD = "gnu++20";
				CLANG_ENABLE_MODULES = YES;
				CLANG_ENABLE_OBJC_ARC = YES;
				CLANG_ENABLE_OBJC_WEAK = YES;
				CLANG_WARN_BLOCK_CAPTURE_AUTORELEASING = YES;
				CLANG_WARN_BOOL_CONVERSION = YES;
				CLANG_WARN_COMMA = YES;
				CLANG_WARN_CONSTANT_CONVERSION = YES;
				CLANG_WARN_DEPRECATED_OBJC_IMPLEMENTATIONS = YES;
				CLANG_WARN_DIRECT_OBJC_ISA_USAGE = YES_ERROR;
				CLANG_WARN_DOCUMENTATION_COMMENTS = YES;
				CLANG_WARN_EMPTY_BODY = YES;
				CLANG_WARN_ENUM_CONVERSION = YES;
				CLANG_WARN_INFINITE_RECURSION = YES;
				CLANG_WARN_INT_CONVERSION = YES;
				CLANG_WARN_NON_LITERAL_NULL_CONVERSION = YES;
				CLANG_WARN_OBJC_IMPLICIT_RETAIN_SELF = YES;
				CLANG_WARN_OBJC_LITERAL_CONVERSION = YES;
				CLANG_WARN_OBJC_ROOT_CLASS = YES_ERROR;
				CLANG_WARN_QUOTED_INCLUDE_IN_FRAMEWORK_HEADER = YES;
				CLANG_WARN_RANGE_LOOP_ANALYSIS = YES;
				CLANG_WARN_STRICT_PROTOTYPES = YES;
				CLANG_WARN_SUSPICIOUS_MOVE = YES;
				CLANG_WARN_UNGUARDED_AVAILABILITY = YES_AGGRESSIVE;
				CLANG_WARN_UNREACHABLE_CODE = YES;
				CLANG_WARN__DUPLICATE_METHOD_MATCH = YES;
				COPY_PHASE_STRIP = NO;
				DEBUG_INFORMATION_FORMAT = "dwarf-with-dsym";
				ENABLE_NS_ASSERTIONS = NO;
				ENABLE_STRICT_OBJC_MSGSEND = YES;
				ENABLE_USER_SCRIPT_SANDBOXING = YES;
				GCC_C_LANGUAGE_STANDARD = gnu17;
				GCC_NO_COMMON_BLOCKS = YES;
				GCC_WARN_64_TO_32_BIT_CONVERSION = YES;
				GCC_WARN_ABOUT_RETURN_TYPE = YES_ERROR;
				GCC_WARN_UNDECLARED_SELECTOR = YES;
				GCC_WARN_UNINITIALIZED_AUTOS = YES_AGGRESSIVE;
				GCC_WARN_UNUSED_FUNCTION = YES;
				GCC_WARN_UNUSED_VARIABLE = YES;
				IPHONEOS_DEPLOYMENT_TARGET = 18.4;
				LOCALIZATION_PREFERS_STRING_CATALOGS = YES;
				MTL_ENABLE_DEBUG_INFO = NO;
				MTL_FAST_MATH = YES;
				SDKROOT = iphoneos;
				SWIFT_COMPILATION_MODE = wholemodule;
				VALIDATE_PRODUCT = YES;
			};
			name = Release;
		};
		2B327E1F2E44624E00CB8F1D /* Debug */ = {
			isa = XCBuildConfiguration;
			buildSettings = {
				ASSETCATALOG_COMPILER_APPICON_NAME = AppIcon;
				ASSETCATALOG_COMPILER_GLOBAL_ACCENT_COLOR_NAME = AccentColor;
				CODE_SIGN_STYLE = Automatic;
				CURRENT_PROJECT_VERSION = 1;
				ENABLE_PREVIEWS = YES;
				GENERATE_INFOPLIST_FILE = YES;
				INFOPLIST_FILE = "Green-Thumb-Info.plist";
				INFOPLIST_KEY_LSApplicationCategoryType = "";
				INFOPLIST_KEY_NSCalendarsUsageDescription = "";
				INFOPLIST_KEY_NSFaceIDUsageDescription = 1.0;
				INFOPLIST_KEY_NSLocationWhenInUseUsageDescription = "";
				INFOPLIST_KEY_NSPhotoLibraryAddUsageDescription = "";
				INFOPLIST_KEY_NSRemindersUsageDescription = "";
				INFOPLIST_KEY_UIApplicationSceneManifest_Generation = YES;
				INFOPLIST_KEY_UIApplicationSupportsIndirectInputEvents = YES;
				INFOPLIST_KEY_UILaunchScreen_Generation = YES;
				INFOPLIST_KEY_UISupportedInterfaceOrientations_iPad = "UIInterfaceOrientationPortrait UIInterfaceOrientationPortraitUpsideDown UIInterfaceOrientationLandscapeLeft UIInterfaceOrientationLandscapeRight";
				INFOPLIST_KEY_UISupportedInterfaceOrientations_iPhone = "UIInterfaceOrientationPortrait UIInterfaceOrientationLandscapeLeft UIInterfaceOrientationLandscapeRight";
				LD_RUNPATH_SEARCH_PATHS = (
					"$(inherited)",
					"@executable_path/Frameworks",
				);
				MARKETING_VERSION = 1.0;
				PRODUCT_BUNDLE_IDENTIFIER = "NIBM.Green-Thumb";
				PRODUCT_NAME = "$(TARGET_NAME)";
				SWIFT_EMIT_LOC_STRINGS = YES;
				SWIFT_VERSION = 5.0;
				TARGETED_DEVICE_FAMILY = "1,2";
			};
			name = Debug;
		};
		2B327E202E44624E00CB8F1D /* Release */ = {
			isa = XCBuildConfiguration;
			buildSettings = {
				ASSETCATALOG_COMPILER_APPICON_NAME = AppIcon;
				ASSETCATALOG_COMPILER_GLOBAL_ACCENT_COLOR_NAME = AccentColor;
				CODE_SIGN_STYLE = Automatic;
				CURRENT_PROJECT_VERSION = 1;
				ENABLE_PREVIEWS = YES;
				GENERATE_INFOPLIST_FILE = YES;
				INFOPLIST_FILE = "Green-Thumb-Info.plist";
				INFOPLIST_KEY_LSApplicationCategoryType = "";
				INFOPLIST_KEY_NSCalendarsUsageDescription = "";
				INFOPLIST_KEY_NSFaceIDUsageDescription = 1.0;
				INFOPLIST_KEY_NSLocationWhenInUseUsageDescription = "";
				INFOPLIST_KEY_NSPhotoLibraryAddUsageDescription = "";
				INFOPLIST_KEY_NSRemindersUsageDescription = "";
				INFOPLIST_KEY_UIApplicationSceneManifest_Generation = YES;
				INFOPLIST_KEY_UIApplicationSupportsIndirectInputEvents = YES;
				INFOPLIST_KEY_UILaunchScreen_Generation = YES;
				INFOPLIST_KEY_UISupportedInterfaceOrientations_iPad = "UIInterfaceOrientationPortrait UIInterfaceOrientationPortraitUpsideDown UIInterfaceOrientationLandscapeLeft UIInterfaceOrientationLandscapeRight";
				INFOPLIST_KEY_UISupportedInterfaceOrientations_iPhone = "UIInterfaceOrientationPortrait UIInterfaceOrientationLandscapeLeft UIInterfaceOrientationLandscapeRight";
				LD_RUNPATH_SEARCH_PATHS = (
					"$(inherited)",
					"@executable_path/Frameworks",
				);
				MARKETING_VERSION = 1.0;
				PRODUCT_BUNDLE_IDENTIFIER = "NIBM.Green-Thumb";
				PRODUCT_NAME = "$(TARGET_NAME)";
				SWIFT_EMIT_LOC_STRINGS = YES;
				SWIFT_VERSION = 5.0;
				TARGETED_DEVICE_FAMILY = "1,2";
			};
			name = Release;
		};
		2B327E222E44624E00CB8F1D /* Debug */ = {
			isa = XCBuildConfiguration;
			buildSettings = {
				BUNDLE_LOADER = "$(TEST_HOST)";
				CODE_SIGN_STYLE = Automatic;
				CURRENT_PROJECT_VERSION = 1;
				GENERATE_INFOPLIST_FILE = YES;
				IPHONEOS_DEPLOYMENT_TARGET = 18.4;
				MARKETING_VERSION = 1.0;
				PRODUCT_BUNDLE_IDENTIFIER = "NIBM.Green-ThumbTests";
				PRODUCT_NAME = "$(TARGET_NAME)";
				SWIFT_EMIT_LOC_STRINGS = NO;
				SWIFT_VERSION = 5.0;
				TARGETED_DEVICE_FAMILY = "1,2";
				TEST_HOST = "$(BUILT_PRODUCTS_DIR)/Green Thumb.app/$(BUNDLE_EXECUTABLE_FOLDER_PATH)/Green Thumb";
			};
			name = Debug;
		};
		2B327E232E44624E00CB8F1D /* Release */ = {
			isa = XCBuildConfiguration;
			buildSettings = {
				BUNDLE_LOADER = "$(TEST_HOST)";
				CODE_SIGN_STYLE = Automatic;
				CURRENT_PROJECT_VERSION = 1;
				GENERATE_INFOPLIST_FILE = YES;
				IPHONEOS_DEPLOYMENT_TARGET = 18.4;
				MARKETING_VERSION = 1.0;
				PRODUCT_BUNDLE_IDENTIFIER = "NIBM.Green-ThumbTests";
				PRODUCT_NAME = "$(TARGET_NAME)";
				SWIFT_EMIT_LOC_STRINGS = NO;
				SWIFT_VERSION = 5.0;
				TARGETED_DEVICE_FAMILY = "1,2";
				TEST_HOST = "$(BUILT_PRODUCTS_DIR)/Green Thumb.app/$(BUNDLE_EXECUTABLE_FOLDER_PATH)/Green Thumb";
			};
			name = Release;
		};
		2B327E252E44624E00CB8F1D /* Debug */ = {
			isa = XCBuildConfiguration;
			buildSettings = {
				CODE_SIGN_STYLE = Automatic;
				CURRENT_PROJECT_VERSION = 1;
				GENERATE_INFOPLIST_FILE = YES;
				MARKETING_VERSION = 1.0;
				PRODUCT_BUNDLE_IDENTIFIER = "NIBM.Green-ThumbUITests";
				PRODUCT_NAME = "$(TARGET_NAME)";
				SWIFT_EMIT_LOC_STRINGS = NO;
				SWIFT_VERSION = 5.0;
				TARGETED_DEVICE_FAMILY = "1,2";
				TEST_TARGET_NAME = "Green Thumb";
			};
			name = Debug;
		};
		2B327E262E44624E00CB8F1D /* Release */ = {
			isa = XCBuildConfiguration;
			buildSettings = {
				CODE_SIGN_STYLE = Automatic;
				CURRENT_PROJECT_VERSION = 1;
				GENERATE_INFOPLIST_FILE = YES;
				MARKETING_VERSION = 1.0;
				PRODUCT_BUNDLE_IDENTIFIER = "NIBM.Green-ThumbUITests";
				PRODUCT_NAME = "$(TARGET_NAME)";
				SWIFT_EMIT_LOC_STRINGS = NO;
				SWIFT_VERSION = 5.0;
				TARGETED_DEVICE_FAMILY = "1,2";
				TEST_TARGET_NAME = "Green Thumb";
			};
			name = Release;
		};
/* End XCBuildConfiguration section */

/* Begin XCConfigurationList section */
		2B327DF32E44624C00CB8F1D /* Build configuration list for PBXProject "Green Thumb" */ = {
			isa = XCConfigurationList;
			buildConfigurations = (
				2B327E1C2E44624E00CB8F1D /* Debug */,
				2B327E1D2E44624E00CB8F1D /* Release */,
			);
			defaultConfigurationIsVisible = 0;
			defaultConfigurationName = Release;
		};
		2B327E1E2E44624E00CB8F1D /* Build configuration list for PBXNativeTarget "Green Thumb" */ = {
			isa = XCConfigurationList;
			buildConfigurations = (
				2B327E1F2E44624E00CB8F1D /* Debug */,
				2B327E202E44624E00CB8F1D /* Release */,
			);
			defaultConfigurationIsVisible = 0;
			defaultConfigurationName = Release;
		};
		2B327E212E44624E00CB8F1D /* Build configuration list for PBXNativeTarget "Green ThumbTests" */ = {
			isa = XCConfigurationList;
			buildConfigurations = (
				2B327E222E44624E00CB8F1D /* Debug */,
				2B327E232E44624E00CB8F1D /* Release */,
			);
			defaultConfigurationIsVisible = 0;
			defaultConfigurationName = Release;
		};
		2B327E242E44624E00CB8F1D /* Build configuration list for PBXNativeTarget "Green ThumbUITests" */ = {
			isa = XCConfigurationList;
			buildConfigurations = (
				2B327E252E44624E00CB8F1D /* Debug */,
				2B327E262E44624E00CB8F1D /* Release */,
			);
			defaultConfigurationIsVisible = 0;
			defaultConfigurationName = Release;
		};
/* End XCConfigurationList section */

/* Begin XCRemoteSwiftPackageReference section */
		2B327E272E446AF000CB8F1D /* XCRemoteSwiftPackageReference "firebase-ios-sdk" */ = {
			isa = XCRemoteSwiftPackageReference;
			repositoryURL = "https://github.com/firebase/firebase-ios-sdk";
			requirement = {
				kind = upToNextMajorVersion;
				minimumVersion = 12.1.0;
			};
		};
/* End XCRemoteSwiftPackageReference section */

/* Begin XCSwiftPackageProductDependency section */
		2B327E282E446AF000CB8F1D /* FirebaseAuth */ = {
			isa = XCSwiftPackageProductDependency;
			package = 2B327E272E446AF000CB8F1D /* XCRemoteSwiftPackageReference "firebase-ios-sdk" */;
			productName = FirebaseAuth;
		};
		2B327E2A2E446AF000CB8F1D /* FirebaseCore */ = {
			isa = XCSwiftPackageProductDependency;
			package = 2B327E272E446AF000CB8F1D /* XCRemoteSwiftPackageReference "firebase-ios-sdk" */;
			productName = FirebaseCore;
		};
		2B327E2C2E446AF000CB8F1D /* FirebaseFirestore */ = {
			isa = XCSwiftPackageProductDependency;
			package = 2B327E272E446AF000CB8F1D /* XCRemoteSwiftPackageReference "firebase-ios-sdk" */;
			productName = FirebaseFirestore;
		};
/* End XCSwiftPackageProductDependency section */

/* Begin XCVersionGroup section */
		2B0418AB2E4DC3E100339B96 /* GreenThumbDataModel.xcdatamodeld */ = {
			isa = XCVersionGroup;
			children = (
				2B0418AC2E4DC3E100339B96 /* GreenThumbDataModel.xcdatamodel */,
			);
			currentVersion = 2B0418AC2E4DC3E100339B96 /* GreenThumbDataModel.xcdatamodel */;
			path = GreenThumbDataModel.xcdatamodeld;
			sourceTree = "<group>";
			versionGroupType = wrapper.xcdatamodel;
		};
		2B78B1252E4F0F9C001A46C6 /* TaskDataModel.xcdatamodeld */ = {
			isa = XCVersionGroup;
			children = (
				2B78B1262E4F0F9C001A46C6 /* TaskDataModel.xcdatamodel */,
			);
			currentVersion = 2B78B1262E4F0F9C001A46C6 /* TaskDataModel.xcdatamodel */;
			path = TaskDataModel.xcdatamodeld;
			sourceTree = "<group>";
			versionGroupType = wrapper.xcdatamodel;
		};
/* End XCVersionGroup section */
	};
	rootObject = 2B327DF02E44624C00CB8F1D /* Project object */;
}
